// !$*UTF8*$!
{
	archiveVersion = 1;
	classes = {
	};
	objectVersion = 48;
	objects = {

/* Begin PBXBuildFile section */
		7800E66A208F71830041F1EC /* AppDelegate.swift in Sources */ = {isa = PBXBuildFile; fileRef = 7800E669208F71830041F1EC /* AppDelegate.swift */; };
		7800E66C208F71830041F1EC /* ViewController.swift in Sources */ = {isa = PBXBuildFile; fileRef = 7800E66B208F71830041F1EC /* ViewController.swift */; };
		7800E66F208F71830041F1EC /* Main.storyboard in Resources */ = {isa = PBXBuildFile; fileRef = 7800E66D208F71830041F1EC /* Main.storyboard */; };
		7800E671208F71830041F1EC /* Assets.xcassets in Resources */ = {isa = PBXBuildFile; fileRef = 7800E670208F71830041F1EC /* Assets.xcassets */; };
		7800E674208F71830041F1EC /* LaunchScreen.storyboard in Resources */ = {isa = PBXBuildFile; fileRef = 7800E672208F71830041F1EC /* LaunchScreen.storyboard */; };
		7800E67C208F781F0041F1EC /* WaterFallLayout.swift in Sources */ = {isa = PBXBuildFile; fileRef = 7800E67B208F781F0041F1EC /* WaterFallLayout.swift */; };
/* End PBXBuildFile section */

/* Begin PBXFileReference section */
		7800E666208F71830041F1EC /* Swift-瀑布流.app */ = {isa = PBXFileReference; explicitFileType = wrapper.application; includeInIndex = 0; path = "Swift-瀑布流.app"; sourceTree = BUILT_PRODUCTS_DIR; };
		7800E669208F71830041F1EC /* AppDelegate.swift */ = {isa = PBXFileReference; lastKnownFileType = sourcecode.swift; path = AppDelegate.swift; sourceTree = "<group>"; };
		7800E66B208F71830041F1EC /* ViewController.swift */ = {isa = PBXFileReference; lastKnownFileType = sourcecode.swift; path = ViewController.swift; sourceTree = "<group>"; };
		7800E66E208F71830041F1EC /* Base */ = {isa = PBXFileReference; lastKnownFileType = file.storyboard; name = Base; path = Base.lproj/Main.storyboard; sourceTree = "<group>"; };
		7800E670208F71830041F1EC /* Assets.xcassets */ = {isa = PBXFileReference; lastKnownFileType = folder.assetcatalog; path = Assets.xcassets; sourceTree = "<group>"; };
		7800E673208F71830041F1EC /* Base */ = {isa = PBXFileReference; lastKnownFileType = file.storyboard; name = Base; path = Base.lproj/LaunchScreen.storyboard; sourceTree = "<group>"; };
		7800E675208F71830041F1EC /* Info.plist */ = {isa = PBXFileReference; lastKnownFileType = text.plist.xml; path = Info.plist; sourceTree = "<group>"; };
		7800E67B208F781F0041F1EC /* WaterFallLayout.swift */ = {isa = PBXFileReference; lastKnownFileType = sourcecode.swift; path = WaterFallLayout.swift; sourceTree = "<group>"; };
/* End PBXFileReference section */

/* Begin PBXFrameworksBuildPhase section */
		7800E663208F71830041F1EC /* Frameworks */ = {
			isa = PBXFrameworksBuildPhase;
			buildActionMask = 2147483647;
			files = (
			);
			runOnlyForDeploymentPostprocessing = 0;
		};
/* End PBXFrameworksBuildPhase section */

/* Begin PBXGroup section */
		7800E65D208F71830041F1EC = {
			isa = PBXGroup;
			children = (
				7800E668208F71830041F1EC /* Swift-瀑布流 */,
				7800E667208F71830041F1EC /* Products */,
			);
			sourceTree = "<group>";
		};
		7800E667208F71830041F1EC /* Products */ = {
			isa = PBXGroup;
			children = (
				7800E666208F71830041F1EC /* Swift-瀑布流.app */,
			);
			name = Products;
			sourceTree = "<group>";
		};
		7800E668208F71830041F1EC /* Swift-瀑布流 */ = {
			isa = PBXGroup;
			children = (
				7800E669208F71830041F1EC /* AppDelegate.swift */,
				7800E66B208F71830041F1EC /* ViewController.swift */,
				7800E66D208F71830041F1EC /* Main.storyboard */,
				7800E670208F71830041F1EC /* Assets.xcassets */,
				7800E672208F71830041F1EC /* LaunchScreen.storyboard */,
				7800E675208F71830041F1EC /* Info.plist */,
				7800E67B208F781F0041F1EC /* WaterFallLayout.swift */,
			);
			path = "Swift-瀑布流";
			sourceTree = "<group>";
		};
/* End PBXGroup section */

/* Begin PBXNativeTarget section */
		7800E665208F71830041F1EC /* Swift-瀑布流 */ = {
			isa = PBXNativeTarget;
			buildConfigurationList = 7800E678208F71830041F1EC /* Build configuration list for PBXNativeTarget "Swift-瀑布流" */;
			buildPhases = (
				7800E662208F71830041F1EC /* Sources */,
				7800E663208F71830041F1EC /* Frameworks */,
				7800E664208F71830041F1EC /* Resources */,
			);
			buildRules = (
			);
			dependencies = (
			);
			name = "Swift-瀑布流";
			productName = "Swift-瀑布流";
			productReference = 7800E666208F71830041F1EC /* Swift-瀑布流.app */;
			productType = "com.apple.product-type.application";
		};
/* End PBXNativeTarget section */

/* Begin PBXProject section */
		7800E65E208F71830041F1EC /* Project object */ = {
			isa = PBXProject;
			attributes = {
				LastSwiftUpdateCheck = 0910;
				LastUpgradeCheck = 0910;
				ORGANIZATIONNAME = "陈博";
				TargetAttributes = {
					7800E665208F71830041F1EC = {
						CreatedOnToolsVersion = 9.1;
						ProvisioningStyle = Automatic;
					};
				};
			};
			buildConfigurationList = 7800E661208F71830041F1EC /* Build configuration list for PBXProject "Swift-瀑布流" */;
			compatibilityVersion = "Xcode 8.0";
			developmentRegion = en;
			hasScannedForEncodings = 0;
			knownRegions = (
				en,
				Base,
			);
			mainGroup = 7800E65D208F71830041F1EC;
			productRefGroup = 7800E667208F71830041F1EC /* Products */;
			projectDirPath = "";
			projectRoot = "";
			targets = (
				7800E665208F71830041F1EC /* Swift-瀑布流 */,
			);
		};
/* End PBXProject section */

/* Begin PBXResourcesBuildPhase section */
		7800E664208F71830041F1EC /* Resources */ = {
			isa = PBXResourcesBuildPhase;
			buildActionMask = 2147483647;
			files = (
				7800E674208F71830041F1EC /* LaunchScreen.storyboard in Resources */,
				7800E671208F71830041F1EC /* Assets.xcassets in Resources */,
				7800E66F208F71830041F1EC /* Main.storyboard in Resources */,
			);
			runOnlyForDeploymentPostprocessing = 0;
		};
/* End PBXResourcesBuildPhase section */

/* Begin PBXSourcesBuildPhase section */
		7800E662208F71830041F1EC /* Sources */ = {
			isa = PBXSourcesBuildPhase;
			buildActionMask = 2147483647;
			files = (
				7800E67C208F781F0041F1EC /* WaterFallLayout.swift in Sources */,
				7800E66C208F71830041F1EC /* ViewController.swift in Sources */,
				7800E66A208F71830041F1EC /* AppDelegate.swift in Sources */,
			);
			runOnlyForDeploymentPostprocessing = 0;
		};
/* End PBXSourcesBuildPhase section */

/* Begin PBXVariantGroup section */
		7800E66D208F71830041F1EC /* Main.storyboard */ = {
			isa = PBXVariantGroup;
			children = (
				7800E66E208F71830041F1EC /* Base */,
			);
			name = Main.storyboard;
			sourceTree = "<group>";
		};
		7800E672208F71830041F1EC /* LaunchScreen.storyboard */ = {
			isa = PBXVariantGroup;
			children = (
				7800E673208F71830041F1EC /* Base */,
			);
			name = LaunchScreen.storyboard;
			sourceTree = "<group>";
		};
/* End PBXVariantGroup section */

/* Begin XCBuildConfiguration section */
		7800E676208F71830041F1EC /* Debug */ = {
			isa = XCBuildConfiguration;
			buildSettings = {
				ALWAYS_SEARCH_USER_PATHS = NO;
				CLANG_ANALYZER_NONNULL = YES;
				CLANG_ANALYZER_NUMBER_OBJECT_CONVERSION = YES_AGGRESSIVE;
				CLANG_CXX_LANGUAGE_STANDARD = "gnu++14";
				CLANG_CXX_LIBRARY = "libc++";
				CLANG_ENABLE_MODULES = YES;
				CLANG_ENABLE_OBJC_ARC = YES;
				CLANG_WARN_BLOCK_CAPTURE_AUTORELEASING = YES;
				CLANG_WARN_BOOL_CONVERSION = YES;
				CLANG_WARN_COMMA = YES;
				CLANG_WARN_CONSTANT_CONVERSION = YES;
				CLANG_WARN_DIRECT_OBJC_ISA_USAGE = YES_ERROR;
				CLANG_WARN_DOCUMENTATION_COMMENTS = YES;
				CLANG_WARN_EMPTY_BODY = YES;
				CLANG_WARN_ENUM_CONVERSION = YES;
				CLANG_WARN_INFINITE_RECURSION = YES;
				CLANG_WARN_INT_CONVERSION = YES;
				CLANG_WARN_NON_LITERAL_NULL_CONVERSION = YES;
				CLANG_WARN_OBJC_LITERAL_CONVERSION = YES;
				CLANG_WARN_OBJC_ROOT_CLASS = YES_ERROR;
				CLANG_WARN_RANGE_LOOP_ANALYSIS = YES;
				CLANG_WARN_STRICT_PROTOTYPES = YES;
				CLANG_WARN_SUSPICIOUS_MOVE = YES;
				CLANG_WARN_UNGUARDED_AVAILABILITY = YES_AGGRESSIVE;
				CLANG_WARN_UNREACHABLE_CODE = YES;
				CLANG_WARN__DUPLICATE_METHOD_MATCH = YES;
				CODE_SIGN_IDENTITY = "iPhone Developer";
				COPY_PHASE_STRIP = NO;
				DEBUG_INFORMATION_FORMAT = dwarf;
				ENABLE_STRICT_OBJC_MSGSEND = YES;
				ENABLE_TESTABILITY = YES;
				GCC_C_LANGUAGE_STANDARD = gnu11;
				GCC_DYNAMIC_NO_PIC = NO;
				GCC_NO_COMMON_BLOCKS = YES;
				GCC_OPTIMIZATION_LEVEL = 0;
				GCC_PREPROCESSOR_DEFINITIONS = (
					"DEBUG=1",
					"$(inherited)",
				);
				GCC_WARN_64_TO_32_BIT_CONVERSION = YES;
				GCC_WARN_ABOUT_RETURN_TYPE = YES_ERROR;
				GCC_WARN_UNDECLARED_SELECTOR = YES;
				GCC_WARN_UNINITIALIZED_AUTOS = YES_AGGRESSIVE;
				GCC_WARN_UNUSED_FUNCTION = YES;
				GCC_WARN_UNUSED_VARIABLE = YES;
				IPHONEOS_DEPLOYMENT_TARGET = 11.1;
				MTL_ENABLE_DEBUG_INFO = YES;
				ONLY_ACTIVE_ARCH = YES;
				SDKROOT = iphoneos;
				SWIFT_ACTIVE_COMPILATION_CONDITIONS = DEBUG;
				SWIFT_OPTIMIZATION_LEVEL = "-Onone";
			};
			name = Debug;
		};
		7800E677208F71830041F1EC /* Release */ = {
			isa = XCBuildConfiguration;
			buildSettings = {
				ALWAYS_SEARCH_USER_PATHS = NO;
				CLANG_ANALYZER_NONNULL = YES;
				CLANG_ANALYZER_NUMBER_OBJECT_CONVERSION = YES_AGGRESSIVE;
				CLANG_CXX_LANGUAGE_STANDARD = "gnu++14";
				CLANG_CXX_LIBRARY = "libc++";
				CLANG_ENABLE_MODULES = YES;
				CLANG_ENABLE_OBJC_ARC = YES;
				CLANG_WARN_BLOCK_CAPTURE_AUTORELEASING = YES;
				CLANG_WARN_BOOL_CONVERSION = YES;
				CLANG_WARN_COMMA = YES;
				CLANG_WARN_CONSTANT_CONVERSION = YES;
				CLANG_WARN_DIRECT_OBJC_ISA_USAGE = YES_ERROR;
				CLANG_WARN_DOCUMENTATION_COMMENTS = YES;
				CLANG_WARN_EMPTY_BODY = YES;
				CLANG_WARN_ENUM_CONVERSION = YES;
				CLANG_WARN_INFINITE_RECURSION = YES;
				CLANG_WARN_INT_CONVERSION = YES;
				CLANG_WARN_NON_LITERAL_NULL_CONVERSION = YES;
				CLANG_WARN_OBJC_LITERAL_CONVERSION = YES;
				CLANG_WARN_OBJC_ROOT_CLASS = YES_ERROR;
				CLANG_WARN_RANGE_LOOP_ANALYSIS = YES;
				CLANG_WARN_STRICT_PROTOTYPES = YES;
				CLANG_WARN_SUSPICIOUS_MOVE = YES;
				CLANG_WARN_UNGUARDED_AVAILABILITY = YES_AGGRESSIVE;
				CLANG_WARN_UNREACHABLE_CODE = YES;
				CLANG_WARN__DUPLICATE_METHOD_MATCH = YES;
				CODE_SIGN_IDENTITY = "iPhone Developer";
				COPY_PHASE_STRIP = NO;
				DEBUG_INFORMATION_FORMAT = "dwarf-with-dsym";
				ENABLE_NS_ASSERTIONS = NO;
				ENABLE_STRICT_OBJC_MSGSEND = YES;
				GCC_C_LANGUAGE_STANDARD = gnu11;
				GCC_NO_COMMON_BLOCKS = YES;
				GCC_WARN_64_TO_32_BIT_CONVERSION = YES;
				GCC_WARN_ABOUT_RETURN_TYPE = YES_ERROR;
				GCC_WARN_UNDECLARED_SELECTOR = YES;
				GCC_WARN_UNINITIALIZED_AUTOS = YES_AGGRESSIVE;
				GCC_WARN_UNUSED_FUNCTION = YES;
				GCC_WARN_UNUSED_VARIABLE = YES;
				IPHONEOS_DEPLOYMENT_TARGET = 11.1;
				MTL_ENABLE_DEBUG_INFO = NO;
				SDKROOT = iphoneos;
				SWIFT_OPTIMIZATION_LEVEL = "-Owholemodule";
				VALIDATE_PRODUCT = YES;
			};
			name = Release;
		};
		7800E679208F71830041F1EC /* Debug */ = {
			isa = XCBuildConfiguration;
			buildSettings = {
				ASSETCATALOG_COMPILER_APPICON_NAME = AppIcon;
				CODE_SIGN_STYLE = Automatic;
				DEVELOPMENT_TEAM = 3S2GM2BEM3;
				INFOPLIST_FILE = "Swift-瀑布流/Info.plist";
				LD_RUNPATH_SEARCH_PATHS = "$(inherited) @executable_path/Frameworks";
				PRODUCT_BUNDLE_IDENTIFIER = "chenbo.Swift----";
				PRODUCT_NAME = "$(TARGET_NAME)";
				SWIFT_VERSION = 4.0;
				TARGETED_DEVICE_FAMILY = "1,2";
			};
			name = Debug;
		};
		7800E67A208F71830041F1EC /* Release */ = {
			isa = XCBuildConfiguration;
			buildSettings = {
				ASSETCATALOG_COMPILER_APPICON_NAME = AppIcon;
				CODE_SIGN_STYLE = Automatic;
				DEVELOPMENT_TEAM = 3S2GM2BEM3;
				INFOPLIST_FILE = "Swift-瀑布流/Info.plist";
				LD_RUNPATH_SEARCH_PATHS = "$(inherited) @executable_path/Frameworks";
				PRODUCT_BUNDLE_IDENTIFIER = "chenbo.Swift----";
				PRODUCT_NAME = "$(TARGET_NAME)";
				SWIFT_VERSION = 4.0;
				TARGETED_DEVICE_FAMILY = "1,2";
			};
			name = Release;
		};
/* End XCBuildConfiguration section */

/* Begin XCConfigurationList section */
		7800E661208F71830041F1EC /* Build configuration list for PBXProject "Swift-瀑布流" */ = {
			isa = XCConfigurationList;
			buildConfigurations = (
				7800E676208F71830041F1EC /* Debug */,
				7800E677208F71830041F1EC /* Release */,
			);
			defaultConfigurationIsVisible = 0;
			defaultConfigurationName = Release;
		};
		7800E678208F71830041F1EC /* Build configuration list for PBXNativeTarget "Swift-瀑布流" */ = {
			isa = XCConfigurationList;
			buildConfigurations = (
				7800E679208F71830041F1EC /* Debug */,
				7800E67A208F71830041F1EC /* Release */,
			);
			defaultConfigurationIsVisible = 0;
			defaultConfigurationName = Release;
		};
/* End XCConfigurationList section */
	};
	rootObject = 7800E65E208F71830041F1EC /* Project object */;
}
