// !$*UTF8*$!
{
	archiveVersion = 1;
	classes = {
	};
	objectVersion = 48;
	objects = {

/* Begin PBXBuildFile section */
		78EE25922079018600B9DBE2 /* AppDelegate.swift in Sources */ = {isa = PBXBuildFile; fileRef = 78EE25912079018600B9DBE2 /* AppDelegate.swift */; };
		78EE25942079018600B9DBE2 /* ViewController.swift in Sources */ = {isa = PBXBuildFile; fileRef = 78EE25932079018600B9DBE2 /* ViewController.swift */; };
		78EE25972079018600B9DBE2 /* Main.storyboard in Resources */ = {isa = PBXBuildFile; fileRef = 78EE25952079018600B9DBE2 /* Main.storyboard */; };
		78EE25992079018600B9DBE2 /* Assets.xcassets in Resources */ = {isa = PBXBuildFile; fileRef = 78EE25982079018600B9DBE2 /* Assets.xcassets */; };
		78EE259C2079018600B9DBE2 /* LaunchScreen.storyboard in Resources */ = {isa = PBXBuildFile; fileRef = 78EE259A2079018600B9DBE2 /* LaunchScreen.storyboard */; };
		78EE25AA207901C100B9DBE2 /* ysocket.swift in Sources */ = {isa = PBXBuildFile; fileRef = 78EE25A5207901C100B9DBE2 /* ysocket.swift */; };
		78EE25AB207901C100B9DBE2 /* ytcpsocket.c in Sources */ = {isa = PBXBuildFile; fileRef = 78EE25A6207901C100B9DBE2 /* ytcpsocket.c */; };
		78EE25AC207901C100B9DBE2 /* ytcpsocket.swift in Sources */ = {isa = PBXBuildFile; fileRef = 78EE25A7207901C100B9DBE2 /* ytcpsocket.swift */; };
		78EE25AD207901C100B9DBE2 /* yudpsocket.c in Sources */ = {isa = PBXBuildFile; fileRef = 78EE25A8207901C100B9DBE2 /* yudpsocket.c */; };
		78EE25AE207901C100B9DBE2 /* yudpsocket.swift in Sources */ = {isa = PBXBuildFile; fileRef = 78EE25A9207901C100B9DBE2 /* yudpsocket.swift */; };
		78EE25B0207901E200B9DBE2 /* ClientSocket.swift in Sources */ = {isa = PBXBuildFile; fileRef = 78EE25AF207901E200B9DBE2 /* ClientSocket.swift */; };
/* End PBXBuildFile section */

/* Begin PBXFileReference section */
		78EE258E2079018600B9DBE2 /* Client.app */ = {isa = PBXFileReference; explicitFileType = wrapper.application; includeInIndex = 0; path = Client.app; sourceTree = BUILT_PRODUCTS_DIR; };
		78EE25912079018600B9DBE2 /* AppDelegate.swift */ = {isa = PBXFileReference; lastKnownFileType = sourcecode.swift; path = AppDelegate.swift; sourceTree = "<group>"; };
		78EE25932079018600B9DBE2 /* ViewController.swift */ = {isa = PBXFileReference; lastKnownFileType = sourcecode.swift; path = ViewController.swift; sourceTree = "<group>"; };
		78EE25962079018600B9DBE2 /* Base */ = {isa = PBXFileReference; lastKnownFileType = file.storyboard; name = Base; path = Base.lproj/Main.storyboard; sourceTree = "<group>"; };
		78EE25982079018600B9DBE2 /* Assets.xcassets */ = {isa = PBXFileReference; lastKnownFileType = folder.assetcatalog; path = Assets.xcassets; sourceTree = "<group>"; };
		78EE259B2079018600B9DBE2 /* Base */ = {isa = PBXFileReference; lastKnownFileType = file.storyboard; name = Base; path = Base.lproj/LaunchScreen.storyboard; sourceTree = "<group>"; };
		78EE259D2079018600B9DBE2 /* Info.plist */ = {isa = PBXFileReference; lastKnownFileType = text.plist.xml; path = Info.plist; sourceTree = "<group>"; };
		78EE25A5207901C100B9DBE2 /* ysocket.swift */ = {isa = PBXFileReference; fileEncoding = 4; lastKnownFileType = sourcecode.swift; path = ysocket.swift; sourceTree = "<group>"; };
		78EE25A6207901C100B9DBE2 /* ytcpsocket.c */ = {isa = PBXFileReference; fileEncoding = 4; lastKnownFileType = sourcecode.c.c; path = ytcpsocket.c; sourceTree = "<group>"; };
		78EE25A7207901C100B9DBE2 /* ytcpsocket.swift */ = {isa = PBXFileReference; fileEncoding = 4; lastKnownFileType = sourcecode.swift; path = ytcpsocket.swift; sourceTree = "<group>"; };
		78EE25A8207901C100B9DBE2 /* yudpsocket.c */ = {isa = PBXFileReference; fileEncoding = 4; lastKnownFileType = sourcecode.c.c; path = yudpsocket.c; sourceTree = "<group>"; };
		78EE25A9207901C100B9DBE2 /* yudpsocket.swift */ = {isa = PBXFileReference; fileEncoding = 4; lastKnownFileType = sourcecode.swift; path = yudpsocket.swift; sourceTree = "<group>"; };
		78EE25AF207901E200B9DBE2 /* ClientSocket.swift */ = {isa = PBXFileReference; lastKnownFileType = sourcecode.swift; path = ClientSocket.swift; sourceTree = "<group>"; };
/* End PBXFileReference section */

/* Begin PBXFrameworksBuildPhase section */
		78EE258B2079018600B9DBE2 /* Frameworks */ = {
			isa = PBXFrameworksBuildPhase;
			buildActionMask = 2147483647;
			files = (
			);
			runOnlyForDeploymentPostprocessing = 0;
		};
/* End PBXFrameworksBuildPhase section */

/* Begin PBXGroup section */
		78EE25852079018600B9DBE2 = {
			isa = PBXGroup;
			children = (
				78EE25902079018600B9DBE2 /* Client */,
				78EE258F2079018600B9DBE2 /* Products */,
			);
			sourceTree = "<group>";
		};
		78EE258F2079018600B9DBE2 /* Products */ = {
			isa = PBXGroup;
			children = (
				78EE258E2079018600B9DBE2 /* Client.app */,
			);
			name = Products;
			sourceTree = "<group>";
		};
		78EE25902079018600B9DBE2 /* Client */ = {
			isa = PBXGroup;
			children = (
				78EE25A3207901B700B9DBE2 /* ClientManager */,
				78EE25912079018600B9DBE2 /* AppDelegate.swift */,
				78EE25932079018600B9DBE2 /* ViewController.swift */,
				78EE25952079018600B9DBE2 /* Main.storyboard */,
				78EE25982079018600B9DBE2 /* Assets.xcassets */,
				78EE259A2079018600B9DBE2 /* LaunchScreen.storyboard */,
				78EE259D2079018600B9DBE2 /* Info.plist */,
			);
			path = Client;
			sourceTree = "<group>";
		};
		78EE25A3207901B700B9DBE2 /* ClientManager */ = {
			isa = PBXGroup;
			children = (
				78EE25A4207901C100B9DBE2 /* ysocket */,
				78EE25AF207901E200B9DBE2 /* ClientSocket.swift */,
			);
			path = ClientManager;
			sourceTree = "<group>";
		};
		78EE25A4207901C100B9DBE2 /* ysocket */ = {
			isa = PBXGroup;
			children = (
				78EE25A5207901C100B9DBE2 /* ysocket.swift */,
				78EE25A6207901C100B9DBE2 /* ytcpsocket.c */,
				78EE25A7207901C100B9DBE2 /* ytcpsocket.swift */,
				78EE25A8207901C100B9DBE2 /* yudpsocket.c */,
				78EE25A9207901C100B9DBE2 /* yudpsocket.swift */,
			);
			name = ysocket;
			path = ../../../Server/Server/Server/ysocket;
			sourceTree = "<group>";
		};
/* End PBXGroup section */

/* Begin PBXNativeTarget section */
		78EE258D2079018600B9DBE2 /* Client */ = {
			isa = PBXNativeTarget;
			buildConfigurationList = 78EE25A02079018600B9DBE2 /* Build configuration list for PBXNativeTarget "Client" */;
			buildPhases = (
				78EE258A2079018600B9DBE2 /* Sources */,
				78EE258B2079018600B9DBE2 /* Frameworks */,
				78EE258C2079018600B9DBE2 /* Resources */,
			);
			buildRules = (
			);
			dependencies = (
			);
			name = Client;
			productName = Client;
			productReference = 78EE258E2079018600B9DBE2 /* Client.app */;
			productType = "com.apple.product-type.application";
		};
/* End PBXNativeTarget section */

/* Begin PBXProject section */
		78EE25862079018600B9DBE2 /* Project object */ = {
			isa = PBXProject;
			attributes = {
				LastSwiftUpdateCheck = 0910;
				LastUpgradeCheck = 0910;
				ORGANIZATIONNAME = "陈博";
				TargetAttributes = {
					78EE258D2079018600B9DBE2 = {
						CreatedOnToolsVersion = 9.1;
						ProvisioningStyle = Automatic;
					};
				};
			};
			buildConfigurationList = 78EE25892079018600B9DBE2 /* Build configuration list for PBXProject "Client" */;
			compatibilityVersion = "Xcode 8.0";
			developmentRegion = en;
			hasScannedForEncodings = 0;
			knownRegions = (
				en,
				Base,
			);
			mainGroup = 78EE25852079018600B9DBE2;
			productRefGroup = 78EE258F2079018600B9DBE2 /* Products */;
			projectDirPath = "";
			projectRoot = "";
			targets = (
				78EE258D2079018600B9DBE2 /* Client */,
			);
		};
/* End PBXProject section */

/* Begin PBXResourcesBuildPhase section */
		78EE258C2079018600B9DBE2 /* Resources */ = {
			isa = PBXResourcesBuildPhase;
			buildActionMask = 2147483647;
			files = (
				78EE259C2079018600B9DBE2 /* LaunchScreen.storyboard in Resources */,
				78EE25992079018600B9DBE2 /* Assets.xcassets in Resources */,
				78EE25972079018600B9DBE2 /* Main.storyboard in Resources */,
			);
			runOnlyForDeploymentPostprocessing = 0;
		};
/* End PBXResourcesBuildPhase section */

/* Begin PBXSourcesBuildPhase section */
		78EE258A2079018600B9DBE2 /* Sources */ = {
			isa = PBXSourcesBuildPhase;
			buildActionMask = 2147483647;
			files = (
				78EE25AA207901C100B9DBE2 /* ysocket.swift in Sources */,
				78EE25942079018600B9DBE2 /* ViewController.swift in Sources */,
				78EE25AD207901C100B9DBE2 /* yudpsocket.c in Sources */,
				78EE25AB207901C100B9DBE2 /* ytcpsocket.c in Sources */,
				78EE25922079018600B9DBE2 /* AppDelegate.swift in Sources */,
				78EE25B0207901E200B9DBE2 /* ClientSocket.swift in Sources */,
				78EE25AC207901C100B9DBE2 /* ytcpsocket.swift in Sources */,
				78EE25AE207901C100B9DBE2 /* yudpsocket.swift in Sources */,
			);
			runOnlyForDeploymentPostprocessing = 0;
		};
/* End PBXSourcesBuildPhase section */

/* Begin PBXVariantGroup section */
		78EE25952079018600B9DBE2 /* Main.storyboard */ = {
			isa = PBXVariantGroup;
			children = (
				78EE25962079018600B9DBE2 /* Base */,
			);
			name = Main.storyboard;
			sourceTree = "<group>";
		};
		78EE259A2079018600B9DBE2 /* LaunchScreen.storyboard */ = {
			isa = PBXVariantGroup;
			children = (
				78EE259B2079018600B9DBE2 /* Base */,
			);
			name = LaunchScreen.storyboard;
			sourceTree = "<group>";
		};
/* End PBXVariantGroup section */

/* Begin XCBuildConfiguration section */
		78EE259E2079018600B9DBE2 /* Debug */ = {
			isa = XCBuildConfiguration;
			buildSettings = {
				ALWAYS_SEARCH_USER_PATHS = NO;
				CLANG_ANALYZER_NONNULL = YES;
				CLANG_ANALYZER_NUMBER_OBJECT_CONVERSION = YES_AGGRESSIVE;
				CLANG_CXX_LANGUAGE_STANDARD = "gnu++14";
				CLANG_CXX_LIBRARY = "libc++";
				CLANG_ENABLE_MODULES = YES;
				CLANG_ENABLE_OBJC_ARC = YES;
				CLANG_WARN_BLOCK_CAPTURE_AUTORELEASING = YES;
				CLANG_WARN_BOOL_CONVERSION = YES;
				CLANG_WARN_COMMA = YES;
				CLANG_WARN_CONSTANT_CONVERSION = YES;
				CLANG_WARN_DIRECT_OBJC_ISA_USAGE = YES_ERROR;
				CLANG_WARN_DOCUMENTATION_COMMENTS = YES;
				CLANG_WARN_EMPTY_BODY = YES;
				CLANG_WARN_ENUM_CONVERSION = YES;
				CLANG_WARN_INFINITE_RECURSION = YES;
				CLANG_WARN_INT_CONVERSION = YES;
				CLANG_WARN_NON_LITERAL_NULL_CONVERSION = YES;
				CLANG_WARN_OBJC_LITERAL_CONVERSION = YES;
				CLANG_WARN_OBJC_ROOT_CLASS = YES_ERROR;
				CLANG_WARN_RANGE_LOOP_ANALYSIS = YES;
				CLANG_WARN_STRICT_PROTOTYPES = YES;
				CLANG_WARN_SUSPICIOUS_MOVE = YES;
				CLANG_WARN_UNGUARDED_AVAILABILITY = YES_AGGRESSIVE;
				CLANG_WARN_UNREACHABLE_CODE = YES;
				CLANG_WARN__DUPLICATE_METHOD_MATCH = YES;
				CODE_SIGN_IDENTITY = "iPhone Developer";
				COPY_PHASE_STRIP = NO;
				DEBUG_INFORMATION_FORMAT = dwarf;
				ENABLE_STRICT_OBJC_MSGSEND = YES;
				ENABLE_TESTABILITY = YES;
				GCC_C_LANGUAGE_STANDARD = gnu11;
				GCC_DYNAMIC_NO_PIC = NO;
				GCC_NO_COMMON_BLOCKS = YES;
				GCC_OPTIMIZATION_LEVEL = 0;
				GCC_PREPROCESSOR_DEFINITIONS = (
					"DEBUG=1",
					"$(inherited)",
				);
				GCC_WARN_64_TO_32_BIT_CONVERSION = YES;
				GCC_WARN_ABOUT_RETURN_TYPE = YES_ERROR;
				GCC_WARN_UNDECLARED_SELECTOR = YES;
				GCC_WARN_UNINITIALIZED_AUTOS = YES_AGGRESSIVE;
				GCC_WARN_UNUSED_FUNCTION = YES;
				GCC_WARN_UNUSED_VARIABLE = YES;
				IPHONEOS_DEPLOYMENT_TARGET = 11.1;
				MTL_ENABLE_DEBUG_INFO = YES;
				ONLY_ACTIVE_ARCH = YES;
				SDKROOT = iphoneos;
				SWIFT_ACTIVE_COMPILATION_CONDITIONS = DEBUG;
				SWIFT_OPTIMIZATION_LEVEL = "-Onone";
			};
			name = Debug;
		};
		78EE259F2079018600B9DBE2 /* Release */ = {
			isa = XCBuildConfiguration;
			buildSettings = {
				ALWAYS_SEARCH_USER_PATHS = NO;
				CLANG_ANALYZER_NONNULL = YES;
				CLANG_ANALYZER_NUMBER_OBJECT_CONVERSION = YES_AGGRESSIVE;
				CLANG_CXX_LANGUAGE_STANDARD = "gnu++14";
				CLANG_CXX_LIBRARY = "libc++";
				CLANG_ENABLE_MODULES = YES;
				CLANG_ENABLE_OBJC_ARC = YES;
				CLANG_WARN_BLOCK_CAPTURE_AUTORELEASING = YES;
				CLANG_WARN_BOOL_CONVERSION = YES;
				CLANG_WARN_COMMA = YES;
				CLANG_WARN_CONSTANT_CONVERSION = YES;
				CLANG_WARN_DIRECT_OBJC_ISA_USAGE = YES_ERROR;
				CLANG_WARN_DOCUMENTATION_COMMENTS = YES;
				CLANG_WARN_EMPTY_BODY = YES;
				CLANG_WARN_ENUM_CONVERSION = YES;
				CLANG_WARN_INFINITE_RECURSION = YES;
				CLANG_WARN_INT_CONVERSION = YES;
				CLANG_WARN_NON_LITERAL_NULL_CONVERSION = YES;
				CLANG_WARN_OBJC_LITERAL_CONVERSION = YES;
				CLANG_WARN_OBJC_ROOT_CLASS = YES_ERROR;
				CLANG_WARN_RANGE_LOOP_ANALYSIS = YES;
				CLANG_WARN_STRICT_PROTOTYPES = YES;
				CLANG_WARN_SUSPICIOUS_MOVE = YES;
				CLANG_WARN_UNGUARDED_AVAILABILITY = YES_AGGRESSIVE;
				CLANG_WARN_UNREACHABLE_CODE = YES;
				CLANG_WARN__DUPLICATE_METHOD_MATCH = YES;
				CODE_SIGN_IDENTITY = "iPhone Developer";
				COPY_PHASE_STRIP = NO;
				DEBUG_INFORMATION_FORMAT = "dwarf-with-dsym";
				ENABLE_NS_ASSERTIONS = NO;
				ENABLE_STRICT_OBJC_MSGSEND = YES;
				GCC_C_LANGUAGE_STANDARD = gnu11;
				GCC_NO_COMMON_BLOCKS = YES;
				GCC_WARN_64_TO_32_BIT_CONVERSION = YES;
				GCC_WARN_ABOUT_RETURN_TYPE = YES_ERROR;
				GCC_WARN_UNDECLARED_SELECTOR = YES;
				GCC_WARN_UNINITIALIZED_AUTOS = YES_AGGRESSIVE;
				GCC_WARN_UNUSED_FUNCTION = YES;
				GCC_WARN_UNUSED_VARIABLE = YES;
				IPHONEOS_DEPLOYMENT_TARGET = 11.1;
				MTL_ENABLE_DEBUG_INFO = NO;
				SDKROOT = iphoneos;
				SWIFT_OPTIMIZATION_LEVEL = "-Owholemodule";
				VALIDATE_PRODUCT = YES;
			};
			name = Release;
		};
		78EE25A12079018600B9DBE2 /* Debug */ = {
			isa = XCBuildConfiguration;
			buildSettings = {
				ASSETCATALOG_COMPILER_APPICON_NAME = AppIcon;
				CODE_SIGN_STYLE = Automatic;
				DEVELOPMENT_TEAM = 3S2GM2BEM3;
				INFOPLIST_FILE = Client/Info.plist;
				LD_RUNPATH_SEARCH_PATHS = "$(inherited) @executable_path/Frameworks";
				PRODUCT_BUNDLE_IDENTIFIER = chenbo.Client;
				PRODUCT_NAME = "$(TARGET_NAME)";
				SWIFT_VERSION = 4.0;
				TARGETED_DEVICE_FAMILY = "1,2";
			};
			name = Debug;
		};
		78EE25A22079018600B9DBE2 /* Release */ = {
			isa = XCBuildConfiguration;
			buildSettings = {
				ASSETCATALOG_COMPILER_APPICON_NAME = AppIcon;
				CODE_SIGN_STYLE = Automatic;
				DEVELOPMENT_TEAM = 3S2GM2BEM3;
				INFOPLIST_FILE = Client/Info.plist;
				LD_RUNPATH_SEARCH_PATHS = "$(inherited) @executable_path/Frameworks";
				PRODUCT_BUNDLE_IDENTIFIER = chenbo.Client;
				PRODUCT_NAME = "$(TARGET_NAME)";
				SWIFT_VERSION = 4.0;
				TARGETED_DEVICE_FAMILY = "1,2";
			};
			name = Release;
		};
/* End XCBuildConfiguration section */

/* Begin XCConfigurationList section */
		78EE25892079018600B9DBE2 /* Build configuration list for PBXProject "Client" */ = {
			isa = XCConfigurationList;
			buildConfigurations = (
				78EE259E2079018600B9DBE2 /* Debug */,
				78EE259F2079018600B9DBE2 /* Release */,
			);
			defaultConfigurationIsVisible = 0;
			defaultConfigurationName = Release;
		};
		78EE25A02079018600B9DBE2 /* Build configuration list for PBXNativeTarget "Client" */ = {
			isa = XCConfigurationList;
			buildConfigurations = (
				78EE25A12079018600B9DBE2 /* Debug */,
				78EE25A22079018600B9DBE2 /* Release */,
			);
			defaultConfigurationIsVisible = 0;
			defaultConfigurationName = Release;
		};
/* End XCConfigurationList section */
	};
	rootObject = 78EE25862079018600B9DBE2 /* Project object */;
}
