// !$*UTF8*$!
{
	archiveVersion = 1;
	classes = {
	};
	objectVersion = 48;
	objects = {

/* Begin PBXBuildFile section */
		789D15152079DAB7007E0B22 /* AppDelegate.m in Sources */ = {isa = PBXBuildFile; fileRef = 789D15142079DAB7007E0B22 /* AppDelegate.m */; };
		789D15182079DAB7007E0B22 /* ViewController.m in Sources */ = {isa = PBXBuildFile; fileRef = 789D15172079DAB7007E0B22 /* ViewController.m */; };
		789D151B2079DAB7007E0B22 /* Main.storyboard in Resources */ = {isa = PBXBuildFile; fileRef = 789D15192079DAB7007E0B22 /* Main.storyboard */; };
		789D151D2079DAB7007E0B22 /* Assets.xcassets in Resources */ = {isa = PBXBuildFile; fileRef = 789D151C2079DAB7007E0B22 /* Assets.xcassets */; };
		789D15202079DAB7007E0B22 /* LaunchScreen.storyboard in Resources */ = {isa = PBXBuildFile; fileRef = 789D151E2079DAB7007E0B22 /* LaunchScreen.storyboard */; };
		789D15232079DAB7007E0B22 /* main.m in Sources */ = {isa = PBXBuildFile; fileRef = 789D15222079DAB7007E0B22 /* main.m */; };
/* End PBXBuildFile section */

/* Begin PBXFileReference section */
		789D15102079DAB7007E0B22 /* SocketOc.app */ = {isa = PBXFileReference; explicitFileType = wrapper.application; includeInIndex = 0; path = SocketOc.app; sourceTree = BUILT_PRODUCTS_DIR; };
		789D15132079DAB7007E0B22 /* AppDelegate.h */ = {isa = PBXFileReference; lastKnownFileType = sourcecode.c.h; path = AppDelegate.h; sourceTree = "<group>"; };
		789D15142079DAB7007E0B22 /* AppDelegate.m */ = {isa = PBXFileReference; lastKnownFileType = sourcecode.c.objc; path = AppDelegate.m; sourceTree = "<group>"; };
		789D15162079DAB7007E0B22 /* ViewController.h */ = {isa = PBXFileReference; lastKnownFileType = sourcecode.c.h; path = ViewController.h; sourceTree = "<group>"; };
		789D15172079DAB7007E0B22 /* ViewController.m */ = {isa = PBXFileReference; lastKnownFileType = sourcecode.c.objc; path = ViewController.m; sourceTree = "<group>"; };
		789D151A2079DAB7007E0B22 /* Base */ = {isa = PBXFileReference; lastKnownFileType = file.storyboard; name = Base; path = Base.lproj/Main.storyboard; sourceTree = "<group>"; };
		789D151C2079DAB7007E0B22 /* Assets.xcassets */ = {isa = PBXFileReference; lastKnownFileType = folder.assetcatalog; path = Assets.xcassets; sourceTree = "<group>"; };
		789D151F2079DAB7007E0B22 /* Base */ = {isa = PBXFileReference; lastKnownFileType = file.storyboard; name = Base; path = Base.lproj/LaunchScreen.storyboard; sourceTree = "<group>"; };
		789D15212079DAB7007E0B22 /* Info.plist */ = {isa = PBXFileReference; lastKnownFileType = text.plist.xml; path = Info.plist; sourceTree = "<group>"; };
		789D15222079DAB7007E0B22 /* main.m */ = {isa = PBXFileReference; lastKnownFileType = sourcecode.c.objc; path = main.m; sourceTree = "<group>"; };
/* End PBXFileReference section */

/* Begin PBXFrameworksBuildPhase section */
		789D150D2079DAB7007E0B22 /* Frameworks */ = {
			isa = PBXFrameworksBuildPhase;
			buildActionMask = 2147483647;
			files = (
			);
			runOnlyForDeploymentPostprocessing = 0;
		};
/* End PBXFrameworksBuildPhase section */

/* Begin PBXGroup section */
		789D15072079DAB7007E0B22 = {
			isa = PBXGroup;
			children = (
				789D15122079DAB7007E0B22 /* SocketOc */,
				789D15112079DAB7007E0B22 /* Products */,
			);
			sourceTree = "<group>";
		};
		789D15112079DAB7007E0B22 /* Products */ = {
			isa = PBXGroup;
			children = (
				789D15102079DAB7007E0B22 /* SocketOc.app */,
			);
			name = Products;
			sourceTree = "<group>";
		};
		789D15122079DAB7007E0B22 /* SocketOc */ = {
			isa = PBXGroup;
			children = (
				789D15132079DAB7007E0B22 /* AppDelegate.h */,
				789D15142079DAB7007E0B22 /* AppDelegate.m */,
				789D15162079DAB7007E0B22 /* ViewController.h */,
				789D15172079DAB7007E0B22 /* ViewController.m */,
				789D15192079DAB7007E0B22 /* Main.storyboard */,
				789D151C2079DAB7007E0B22 /* Assets.xcassets */,
				789D151E2079DAB7007E0B22 /* LaunchScreen.storyboard */,
				789D15212079DAB7007E0B22 /* Info.plist */,
				789D15222079DAB7007E0B22 /* main.m */,
			);
			path = SocketOc;
			sourceTree = "<group>";
		};
/* End PBXGroup section */

/* Begin PBXNativeTarget section */
		789D150F2079DAB7007E0B22 /* SocketOc */ = {
			isa = PBXNativeTarget;
			buildConfigurationList = 789D15262079DAB7007E0B22 /* Build configuration list for PBXNativeTarget "SocketOc" */;
			buildPhases = (
				789D150C2079DAB7007E0B22 /* Sources */,
				789D150D2079DAB7007E0B22 /* Frameworks */,
				789D150E2079DAB7007E0B22 /* Resources */,
			);
			buildRules = (
			);
			dependencies = (
			);
			name = SocketOc;
			productName = SocketOc;
			productReference = 789D15102079DAB7007E0B22 /* SocketOc.app */;
			productType = "com.apple.product-type.application";
		};
/* End PBXNativeTarget section */

/* Begin PBXProject section */
		789D15082079DAB7007E0B22 /* Project object */ = {
			isa = PBXProject;
			attributes = {
				LastUpgradeCheck = 0910;
				ORGANIZATIONNAME = "陈博";
				TargetAttributes = {
					789D150F2079DAB7007E0B22 = {
						CreatedOnToolsVersion = 9.1;
						ProvisioningStyle = Automatic;
					};
				};
			};
			buildConfigurationList = 789D150B2079DAB7007E0B22 /* Build configuration list for PBXProject "SocketOc" */;
			compatibilityVersion = "Xcode 8.0";
			developmentRegion = en;
			hasScannedForEncodings = 0;
			knownRegions = (
				en,
				Base,
			);
			mainGroup = 789D15072079DAB7007E0B22;
			productRefGroup = 789D15112079DAB7007E0B22 /* Products */;
			projectDirPath = "";
			projectRoot = "";
			targets = (
				789D150F2079DAB7007E0B22 /* SocketOc */,
			);
		};
/* End PBXProject section */

/* Begin PBXResourcesBuildPhase section */
		789D150E2079DAB7007E0B22 /* Resources */ = {
			isa = PBXResourcesBuildPhase;
			buildActionMask = 2147483647;
			files = (
				789D15202079DAB7007E0B22 /* LaunchScreen.storyboard in Resources */,
				789D151D2079DAB7007E0B22 /* Assets.xcassets in Resources */,
				789D151B2079DAB7007E0B22 /* Main.storyboard in Resources */,
			);
			runOnlyForDeploymentPostprocessing = 0;
		};
/* End PBXResourcesBuildPhase section */

/* Begin PBXSourcesBuildPhase section */
		789D150C2079DAB7007E0B22 /* Sources */ = {
			isa = PBXSourcesBuildPhase;
			buildActionMask = 2147483647;
			files = (
				789D15182079DAB7007E0B22 /* ViewController.m in Sources */,
				789D15232079DAB7007E0B22 /* main.m in Sources */,
				789D15152079DAB7007E0B22 /* AppDelegate.m in Sources */,
			);
			runOnlyForDeploymentPostprocessing = 0;
		};
/* End PBXSourcesBuildPhase section */

/* Begin PBXVariantGroup section */
		789D15192079DAB7007E0B22 /* Main.storyboard */ = {
			isa = PBXVariantGroup;
			children = (
				789D151A2079DAB7007E0B22 /* Base */,
			);
			name = Main.storyboard;
			sourceTree = "<group>";
		};
		789D151E2079DAB7007E0B22 /* LaunchScreen.storyboard */ = {
			isa = PBXVariantGroup;
			children = (
				789D151F2079DAB7007E0B22 /* Base */,
			);
			name = LaunchScreen.storyboard;
			sourceTree = "<group>";
		};
/* End PBXVariantGroup section */

/* Begin XCBuildConfiguration section */
		789D15242079DAB7007E0B22 /* Debug */ = {
			isa = XCBuildConfiguration;
			buildSettings = {
				ALWAYS_SEARCH_USER_PATHS = NO;
				CLANG_ANALYZER_NONNULL = YES;
				CLANG_ANALYZER_NUMBER_OBJECT_CONVERSION = YES_AGGRESSIVE;
				CLANG_CXX_LANGUAGE_STANDARD = "gnu++14";
				CLANG_CXX_LIBRARY = "libc++";
				CLANG_ENABLE_MODULES = YES;
				CLANG_ENABLE_OBJC_ARC = YES;
				CLANG_WARN_BLOCK_CAPTURE_AUTORELEASING = YES;
				CLANG_WARN_BOOL_CONVERSION = YES;
				CLANG_WARN_COMMA = YES;
				CLANG_WARN_CONSTANT_CONVERSION = YES;
				CLANG_WARN_DIRECT_OBJC_ISA_USAGE = YES_ERROR;
				CLANG_WARN_DOCUMENTATION_COMMENTS = YES;
				CLANG_WARN_EMPTY_BODY = YES;
				CLANG_WARN_ENUM_CONVERSION = YES;
				CLANG_WARN_INFINITE_RECURSION = YES;
				CLANG_WARN_INT_CONVERSION = YES;
				CLANG_WARN_NON_LITERAL_NULL_CONVERSION = YES;
				CLANG_WARN_OBJC_LITERAL_CONVERSION = YES;
				CLANG_WARN_OBJC_ROOT_CLASS = YES_ERROR;
				CLANG_WARN_RANGE_LOOP_ANALYSIS = YES;
				CLANG_WARN_STRICT_PROTOTYPES = YES;
				CLANG_WARN_SUSPICIOUS_MOVE = YES;
				CLANG_WARN_UNGUARDED_AVAILABILITY = YES_AGGRESSIVE;
				CLANG_WARN_UNREACHABLE_CODE = YES;
				CLANG_WARN__DUPLICATE_METHOD_MATCH = YES;
				CODE_SIGN_IDENTITY = "iPhone Developer";
				COPY_PHASE_STRIP = NO;
				DEBUG_INFORMATION_FORMAT = dwarf;
				ENABLE_STRICT_OBJC_MSGSEND = YES;
				ENABLE_TESTABILITY = YES;
				GCC_C_LANGUAGE_STANDARD = gnu11;
				GCC_DYNAMIC_NO_PIC = NO;
				GCC_NO_COMMON_BLOCKS = YES;
				GCC_OPTIMIZATION_LEVEL = 0;
				GCC_PREPROCESSOR_DEFINITIONS = (
					"DEBUG=1",
					"$(inherited)",
				);
				GCC_WARN_64_TO_32_BIT_CONVERSION = YES;
				GCC_WARN_ABOUT_RETURN_TYPE = YES_ERROR;
				GCC_WARN_UNDECLARED_SELECTOR = YES;
				GCC_WARN_UNINITIALIZED_AUTOS = YES_AGGRESSIVE;
				GCC_WARN_UNUSED_FUNCTION = YES;
				GCC_WARN_UNUSED_VARIABLE = YES;
				IPHONEOS_DEPLOYMENT_TARGET = 11.1;
				MTL_ENABLE_DEBUG_INFO = YES;
				ONLY_ACTIVE_ARCH = YES;
				SDKROOT = iphoneos;
			};
			name = Debug;
		};
		789D15252079DAB7007E0B22 /* Release */ = {
			isa = XCBuildConfiguration;
			buildSettings = {
				ALWAYS_SEARCH_USER_PATHS = NO;
				CLANG_ANALYZER_NONNULL = YES;
				CLANG_ANALYZER_NUMBER_OBJECT_CONVERSION = YES_AGGRESSIVE;
				CLANG_CXX_LANGUAGE_STANDARD = "gnu++14";
				CLANG_CXX_LIBRARY = "libc++";
				CLANG_ENABLE_MODULES = YES;
				CLANG_ENABLE_OBJC_ARC = YES;
				CLANG_WARN_BLOCK_CAPTURE_AUTORELEASING = YES;
				CLANG_WARN_BOOL_CONVERSION = YES;
				CLANG_WARN_COMMA = YES;
				CLANG_WARN_CONSTANT_CONVERSION = YES;
				CLANG_WARN_DIRECT_OBJC_ISA_USAGE = YES_ERROR;
				CLANG_WARN_DOCUMENTATION_COMMENTS = YES;
				CLANG_WARN_EMPTY_BODY = YES;
				CLANG_WARN_ENUM_CONVERSION = YES;
				CLANG_WARN_INFINITE_RECURSION = YES;
				CLANG_WARN_INT_CONVERSION = YES;
				CLANG_WARN_NON_LITERAL_NULL_CONVERSION = YES;
				CLANG_WARN_OBJC_LITERAL_CONVERSION = YES;
				CLANG_WARN_OBJC_ROOT_CLASS = YES_ERROR;
				CLANG_WARN_RANGE_LOOP_ANALYSIS = YES;
				CLANG_WARN_STRICT_PROTOTYPES = YES;
				CLANG_WARN_SUSPICIOUS_MOVE = YES;
				CLANG_WARN_UNGUARDED_AVAILABILITY = YES_AGGRESSIVE;
				CLANG_WARN_UNREACHABLE_CODE = YES;
				CLANG_WARN__DUPLICATE_METHOD_MATCH = YES;
				CODE_SIGN_IDENTITY = "iPhone Developer";
				COPY_PHASE_STRIP = NO;
				DEBUG_INFORMATION_FORMAT = "dwarf-with-dsym";
				ENABLE_NS_ASSERTIONS = NO;
				ENABLE_STRICT_OBJC_MSGSEND = YES;
				GCC_C_LANGUAGE_STANDARD = gnu11;
				GCC_NO_COMMON_BLOCKS = YES;
				GCC_WARN_64_TO_32_BIT_CONVERSION = YES;
				GCC_WARN_ABOUT_RETURN_TYPE = YES_ERROR;
				GCC_WARN_UNDECLARED_SELECTOR = YES;
				GCC_WARN_UNINITIALIZED_AUTOS = YES_AGGRESSIVE;
				GCC_WARN_UNUSED_FUNCTION = YES;
				GCC_WARN_UNUSED_VARIABLE = YES;
				IPHONEOS_DEPLOYMENT_TARGET = 11.1;
				MTL_ENABLE_DEBUG_INFO = NO;
				SDKROOT = iphoneos;
				VALIDATE_PRODUCT = YES;
			};
			name = Release;
		};
		789D15272079DAB7007E0B22 /* Debug */ = {
			isa = XCBuildConfiguration;
			buildSettings = {
				ASSETCATALOG_COMPILER_APPICON_NAME = AppIcon;
				CODE_SIGN_STYLE = Automatic;
				DEVELOPMENT_TEAM = 3S2GM2BEM3;
				INFOPLIST_FILE = SocketOc/Info.plist;
				LD_RUNPATH_SEARCH_PATHS = "$(inherited) @executable_path/Frameworks";
				PRODUCT_BUNDLE_IDENTIFIER = chenbo.SocketOc;
				PRODUCT_NAME = "$(TARGET_NAME)";
				TARGETED_DEVICE_FAMILY = "1,2";
			};
			name = Debug;
		};
		789D15282079DAB7007E0B22 /* Release */ = {
			isa = XCBuildConfiguration;
			buildSettings = {
				ASSETCATALOG_COMPILER_APPICON_NAME = AppIcon;
				CODE_SIGN_STYLE = Automatic;
				DEVELOPMENT_TEAM = 3S2GM2BEM3;
				INFOPLIST_FILE = SocketOc/Info.plist;
				LD_RUNPATH_SEARCH_PATHS = "$(inherited) @executable_path/Frameworks";
				PRODUCT_BUNDLE_IDENTIFIER = chenbo.SocketOc;
				PRODUCT_NAME = "$(TARGET_NAME)";
				TARGETED_DEVICE_FAMILY = "1,2";
			};
			name = Release;
		};
/* End XCBuildConfiguration section */

/* Begin XCConfigurationList section */
		789D150B2079DAB7007E0B22 /* Build configuration list for PBXProject "SocketOc" */ = {
			isa = XCConfigurationList;
			buildConfigurations = (
				789D15242079DAB7007E0B22 /* Debug */,
				789D15252079DAB7007E0B22 /* Release */,
			);
			defaultConfigurationIsVisible = 0;
			defaultConfigurationName = Release;
		};
		789D15262079DAB7007E0B22 /* Build configuration list for PBXNativeTarget "SocketOc" */ = {
			isa = XCConfigurationList;
			buildConfigurations = (
				789D15272079DAB7007E0B22 /* Debug */,
				789D15282079DAB7007E0B22 /* Release */,
			);
			defaultConfigurationIsVisible = 0;
			defaultConfigurationName = Release;
		};
/* End XCConfigurationList section */
	};
	rootObject = 789D15082079DAB7007E0B22 /* Project object */;
}
