// !$*UTF8*$!
{
	archiveVersion = 1;
	classes = {
	};
	objectVersion = 48;
	objects = {

/* Begin PBXBuildFile section */
		78704F581FFF935700E337F4 /* AppDelegate.m in Sources */ = {isa = PBXBuildFile; fileRef = 78704F571FFF935700E337F4 /* AppDelegate.m */; };
		78704F5B1FFF935700E337F4 /* ViewController.m in Sources */ = {isa = PBXBuildFile; fileRef = 78704F5A1FFF935700E337F4 /* ViewController.m */; };
		78704F5E1FFF935700E337F4 /* Main.storyboard in Resources */ = {isa = PBXBuildFile; fileRef = 78704F5C1FFF935700E337F4 /* Main.storyboard */; };
		78704F601FFF935700E337F4 /* Assets.xcassets in Resources */ = {isa = PBXBuildFile; fileRef = 78704F5F1FFF935700E337F4 /* Assets.xcassets */; };
		78704F631FFF935700E337F4 /* LaunchScreen.storyboard in Resources */ = {isa = PBXBuildFile; fileRef = 78704F611FFF935700E337F4 /* LaunchScreen.storyboard */; };
		78704F661FFF935700E337F4 /* main.m in Sources */ = {isa = PBXBuildFile; fileRef = 78704F651FFF935700E337F4 /* main.m */; };
		78704F701FFF935800E337F4 /* KVO_KVCTests.m in Sources */ = {isa = PBXBuildFile; fileRef = 78704F6F1FFF935800E337F4 /* KVO_KVCTests.m */; };
		78704F7B1FFF935800E337F4 /* KVO_KVCUITests.m in Sources */ = {isa = PBXBuildFile; fileRef = 78704F7A1FFF935800E337F4 /* KVO_KVCUITests.m */; };
		78704F8A1FFF943300E337F4 /* Person.m in Sources */ = {isa = PBXBuildFile; fileRef = 78704F891FFF943300E337F4 /* Person.m */; };
/* End PBXBuildFile section */

/* Begin PBXContainerItemProxy section */
		78704F6C1FFF935800E337F4 /* PBXContainerItemProxy */ = {
			isa = PBXContainerItemProxy;
			containerPortal = 78704F4B1FFF935700E337F4 /* Project object */;
			proxyType = 1;
			remoteGlobalIDString = 78704F521FFF935700E337F4;
			remoteInfo = "KVO-KVC";
		};
		78704F771FFF935800E337F4 /* PBXContainerItemProxy */ = {
			isa = PBXContainerItemProxy;
			containerPortal = 78704F4B1FFF935700E337F4 /* Project object */;
			proxyType = 1;
			remoteGlobalIDString = 78704F521FFF935700E337F4;
			remoteInfo = "KVO-KVC";
		};
/* End PBXContainerItemProxy section */

/* Begin PBXFileReference section */
		78704F531FFF935700E337F4 /* KVO-KVC.app */ = {isa = PBXFileReference; explicitFileType = wrapper.application; includeInIndex = 0; path = "KVO-KVC.app"; sourceTree = BUILT_PRODUCTS_DIR; };
		78704F561FFF935700E337F4 /* AppDelegate.h */ = {isa = PBXFileReference; lastKnownFileType = sourcecode.c.h; path = AppDelegate.h; sourceTree = "<group>"; };
		78704F571FFF935700E337F4 /* AppDelegate.m */ = {isa = PBXFileReference; lastKnownFileType = sourcecode.c.objc; path = AppDelegate.m; sourceTree = "<group>"; };
		78704F591FFF935700E337F4 /* ViewController.h */ = {isa = PBXFileReference; lastKnownFileType = sourcecode.c.h; path = ViewController.h; sourceTree = "<group>"; };
		78704F5A1FFF935700E337F4 /* ViewController.m */ = {isa = PBXFileReference; lastKnownFileType = sourcecode.c.objc; path = ViewController.m; sourceTree = "<group>"; };
		78704F5D1FFF935700E337F4 /* Base */ = {isa = PBXFileReference; lastKnownFileType = file.storyboard; name = Base; path = Base.lproj/Main.storyboard; sourceTree = "<group>"; };
		78704F5F1FFF935700E337F4 /* Assets.xcassets */ = {isa = PBXFileReference; lastKnownFileType = folder.assetcatalog; path = Assets.xcassets; sourceTree = "<group>"; };
		78704F621FFF935700E337F4 /* Base */ = {isa = PBXFileReference; lastKnownFileType = file.storyboard; name = Base; path = Base.lproj/LaunchScreen.storyboard; sourceTree = "<group>"; };
		78704F641FFF935700E337F4 /* Info.plist */ = {isa = PBXFileReference; lastKnownFileType = text.plist.xml; path = Info.plist; sourceTree = "<group>"; };
		78704F651FFF935700E337F4 /* main.m */ = {isa = PBXFileReference; lastKnownFileType = sourcecode.c.objc; path = main.m; sourceTree = "<group>"; };
		78704F6B1FFF935800E337F4 /* KVO-KVCTests.xctest */ = {isa = PBXFileReference; explicitFileType = wrapper.cfbundle; includeInIndex = 0; path = "KVO-KVCTests.xctest"; sourceTree = BUILT_PRODUCTS_DIR; };
		78704F6F1FFF935800E337F4 /* KVO_KVCTests.m */ = {isa = PBXFileReference; lastKnownFileType = sourcecode.c.objc; path = KVO_KVCTests.m; sourceTree = "<group>"; };
		78704F711FFF935800E337F4 /* Info.plist */ = {isa = PBXFileReference; lastKnownFileType = text.plist.xml; path = Info.plist; sourceTree = "<group>"; };
		78704F761FFF935800E337F4 /* KVO-KVCUITests.xctest */ = {isa = PBXFileReference; explicitFileType = wrapper.cfbundle; includeInIndex = 0; path = "KVO-KVCUITests.xctest"; sourceTree = BUILT_PRODUCTS_DIR; };
		78704F7A1FFF935800E337F4 /* KVO_KVCUITests.m */ = {isa = PBXFileReference; lastKnownFileType = sourcecode.c.objc; path = KVO_KVCUITests.m; sourceTree = "<group>"; };
		78704F7C1FFF935800E337F4 /* Info.plist */ = {isa = PBXFileReference; lastKnownFileType = text.plist.xml; path = Info.plist; sourceTree = "<group>"; };
		78704F881FFF943300E337F4 /* Person.h */ = {isa = PBXFileReference; lastKnownFileType = sourcecode.c.h; path = Person.h; sourceTree = "<group>"; };
		78704F891FFF943300E337F4 /* Person.m */ = {isa = PBXFileReference; lastKnownFileType = sourcecode.c.objc; path = Person.m; sourceTree = "<group>"; };
/* End PBXFileReference section */

/* Begin PBXFrameworksBuildPhase section */
		78704F501FFF935700E337F4 /* Frameworks */ = {
			isa = PBXFrameworksBuildPhase;
			buildActionMask = 2147483647;
			files = (
			);
			runOnlyForDeploymentPostprocessing = 0;
		};
		78704F681FFF935800E337F4 /* Frameworks */ = {
			isa = PBXFrameworksBuildPhase;
			buildActionMask = 2147483647;
			files = (
			);
			runOnlyForDeploymentPostprocessing = 0;
		};
		78704F731FFF935800E337F4 /* Frameworks */ = {
			isa = PBXFrameworksBuildPhase;
			buildActionMask = 2147483647;
			files = (
			);
			runOnlyForDeploymentPostprocessing = 0;
		};
/* End PBXFrameworksBuildPhase section */

/* Begin PBXGroup section */
		78704F4A1FFF935700E337F4 = {
			isa = PBXGroup;
			children = (
				78704F551FFF935700E337F4 /* KVO-KVC */,
				78704F6E1FFF935800E337F4 /* KVO-KVCTests */,
				78704F791FFF935800E337F4 /* KVO-KVCUITests */,
				78704F541FFF935700E337F4 /* Products */,
			);
			sourceTree = "<group>";
		};
		78704F541FFF935700E337F4 /* Products */ = {
			isa = PBXGroup;
			children = (
				78704F531FFF935700E337F4 /* KVO-KVC.app */,
				78704F6B1FFF935800E337F4 /* KVO-KVCTests.xctest */,
				78704F761FFF935800E337F4 /* KVO-KVCUITests.xctest */,
			);
			name = Products;
			sourceTree = "<group>";
		};
		78704F551FFF935700E337F4 /* KVO-KVC */ = {
			isa = PBXGroup;
			children = (
				78704F561FFF935700E337F4 /* AppDelegate.h */,
				78704F571FFF935700E337F4 /* AppDelegate.m */,
				78704F591FFF935700E337F4 /* ViewController.h */,
				78704F5A1FFF935700E337F4 /* ViewController.m */,
				78704F5C1FFF935700E337F4 /* Main.storyboard */,
				78704F5F1FFF935700E337F4 /* Assets.xcassets */,
				78704F611FFF935700E337F4 /* LaunchScreen.storyboard */,
				78704F641FFF935700E337F4 /* Info.plist */,
				78704F651FFF935700E337F4 /* main.m */,
				78704F881FFF943300E337F4 /* Person.h */,
				78704F891FFF943300E337F4 /* Person.m */,
			);
			path = "KVO-KVC";
			sourceTree = "<group>";
		};
		78704F6E1FFF935800E337F4 /* KVO-KVCTests */ = {
			isa = PBXGroup;
			children = (
				78704F6F1FFF935800E337F4 /* KVO_KVCTests.m */,
				78704F711FFF935800E337F4 /* Info.plist */,
			);
			path = "KVO-KVCTests";
			sourceTree = "<group>";
		};
		78704F791FFF935800E337F4 /* KVO-KVCUITests */ = {
			isa = PBXGroup;
			children = (
				78704F7A1FFF935800E337F4 /* KVO_KVCUITests.m */,
				78704F7C1FFF935800E337F4 /* Info.plist */,
			);
			path = "KVO-KVCUITests";
			sourceTree = "<group>";
		};
/* End PBXGroup section */

/* Begin PBXNativeTarget section */
		78704F521FFF935700E337F4 /* KVO-KVC */ = {
			isa = PBXNativeTarget;
			buildConfigurationList = 78704F7F1FFF935800E337F4 /* Build configuration list for PBXNativeTarget "KVO-KVC" */;
			buildPhases = (
				78704F4F1FFF935700E337F4 /* Sources */,
				78704F501FFF935700E337F4 /* Frameworks */,
				78704F511FFF935700E337F4 /* Resources */,
			);
			buildRules = (
			);
			dependencies = (
			);
			name = "KVO-KVC";
			productName = "KVO-KVC";
			productReference = 78704F531FFF935700E337F4 /* KVO-KVC.app */;
			productType = "com.apple.product-type.application";
		};
		78704F6A1FFF935800E337F4 /* KVO-KVCTests */ = {
			isa = PBXNativeTarget;
			buildConfigurationList = 78704F821FFF935800E337F4 /* Build configuration list for PBXNativeTarget "KVO-KVCTests" */;
			buildPhases = (
				78704F671FFF935800E337F4 /* Sources */,
				78704F681FFF935800E337F4 /* Frameworks */,
				78704F691FFF935800E337F4 /* Resources */,
			);
			buildRules = (
			);
			dependencies = (
				78704F6D1FFF935800E337F4 /* PBXTargetDependency */,
			);
			name = "KVO-KVCTests";
			productName = "KVO-KVCTests";
			productReference = 78704F6B1FFF935800E337F4 /* KVO-KVCTests.xctest */;
			productType = "com.apple.product-type.bundle.unit-test";
		};
		78704F751FFF935800E337F4 /* KVO-KVCUITests */ = {
			isa = PBXNativeTarget;
			buildConfigurationList = 78704F851FFF935800E337F4 /* Build configuration list for PBXNativeTarget "KVO-KVCUITests" */;
			buildPhases = (
				78704F721FFF935800E337F4 /* Sources */,
				78704F731FFF935800E337F4 /* Frameworks */,
				78704F741FFF935800E337F4 /* Resources */,
			);
			buildRules = (
			);
			dependencies = (
				78704F781FFF935800E337F4 /* PBXTargetDependency */,
			);
			name = "KVO-KVCUITests";
			productName = "KVO-KVCUITests";
			productReference = 78704F761FFF935800E337F4 /* KVO-KVCUITests.xctest */;
			productType = "com.apple.product-type.bundle.ui-testing";
		};
/* End PBXNativeTarget section */

/* Begin PBXProject section */
		78704F4B1FFF935700E337F4 /* Project object */ = {
			isa = PBXProject;
			attributes = {
				LastUpgradeCheck = 0910;
				ORGANIZATIONNAME = "陈博";
				TargetAttributes = {
					78704F521FFF935700E337F4 = {
						CreatedOnToolsVersion = 9.1;
						ProvisioningStyle = Automatic;
					};
					78704F6A1FFF935800E337F4 = {
						CreatedOnToolsVersion = 9.1;
						ProvisioningStyle = Automatic;
						TestTargetID = 78704F521FFF935700E337F4;
					};
					78704F751FFF935800E337F4 = {
						CreatedOnToolsVersion = 9.1;
						ProvisioningStyle = Automatic;
						TestTargetID = 78704F521FFF935700E337F4;
					};
				};
			};
			buildConfigurationList = 78704F4E1FFF935700E337F4 /* Build configuration list for PBXProject "KVO-KVC" */;
			compatibilityVersion = "Xcode 8.0";
			developmentRegion = en;
			hasScannedForEncodings = 0;
			knownRegions = (
				en,
				Base,
			);
			mainGroup = 78704F4A1FFF935700E337F4;
			productRefGroup = 78704F541FFF935700E337F4 /* Products */;
			projectDirPath = "";
			projectRoot = "";
			targets = (
				78704F521FFF935700E337F4 /* KVO-KVC */,
				78704F6A1FFF935800E337F4 /* KVO-KVCTests */,
				78704F751FFF935800E337F4 /* KVO-KVCUITests */,
			);
		};
/* End PBXProject section */

/* Begin PBXResourcesBuildPhase section */
		78704F511FFF935700E337F4 /* Resources */ = {
			isa = PBXResourcesBuildPhase;
			buildActionMask = 2147483647;
			files = (
				78704F631FFF935700E337F4 /* LaunchScreen.storyboard in Resources */,
				78704F601FFF935700E337F4 /* Assets.xcassets in Resources */,
				78704F5E1FFF935700E337F4 /* Main.storyboard in Resources */,
			);
			runOnlyForDeploymentPostprocessing = 0;
		};
		78704F691FFF935800E337F4 /* Resources */ = {
			isa = PBXResourcesBuildPhase;
			buildActionMask = 2147483647;
			files = (
			);
			runOnlyForDeploymentPostprocessing = 0;
		};
		78704F741FFF935800E337F4 /* Resources */ = {
			isa = PBXResourcesBuildPhase;
			buildActionMask = 2147483647;
			files = (
			);
			runOnlyForDeploymentPostprocessing = 0;
		};
/* End PBXResourcesBuildPhase section */

/* Begin PBXSourcesBuildPhase section */
		78704F4F1FFF935700E337F4 /* Sources */ = {
			isa = PBXSourcesBuildPhase;
			buildActionMask = 2147483647;
			files = (
				78704F5B1FFF935700E337F4 /* ViewController.m in Sources */,
				78704F661FFF935700E337F4 /* main.m in Sources */,
				78704F8A1FFF943300E337F4 /* Person.m in Sources */,
				78704F581FFF935700E337F4 /* AppDelegate.m in Sources */,
			);
			runOnlyForDeploymentPostprocessing = 0;
		};
		78704F671FFF935800E337F4 /* Sources */ = {
			isa = PBXSourcesBuildPhase;
			buildActionMask = 2147483647;
			files = (
				78704F701FFF935800E337F4 /* KVO_KVCTests.m in Sources */,
			);
			runOnlyForDeploymentPostprocessing = 0;
		};
		78704F721FFF935800E337F4 /* Sources */ = {
			isa = PBXSourcesBuildPhase;
			buildActionMask = 2147483647;
			files = (
				78704F7B1FFF935800E337F4 /* KVO_KVCUITests.m in Sources */,
			);
			runOnlyForDeploymentPostprocessing = 0;
		};
/* End PBXSourcesBuildPhase section */

/* Begin PBXTargetDependency section */
		78704F6D1FFF935800E337F4 /* PBXTargetDependency */ = {
			isa = PBXTargetDependency;
			target = 78704F521FFF935700E337F4 /* KVO-KVC */;
			targetProxy = 78704F6C1FFF935800E337F4 /* PBXContainerItemProxy */;
		};
		78704F781FFF935800E337F4 /* PBXTargetDependency */ = {
			isa = PBXTargetDependency;
			target = 78704F521FFF935700E337F4 /* KVO-KVC */;
			targetProxy = 78704F771FFF935800E337F4 /* PBXContainerItemProxy */;
		};
/* End PBXTargetDependency section */

/* Begin PBXVariantGroup section */
		78704F5C1FFF935700E337F4 /* Main.storyboard */ = {
			isa = PBXVariantGroup;
			children = (
				78704F5D1FFF935700E337F4 /* Base */,
			);
			name = Main.storyboard;
			sourceTree = "<group>";
		};
		78704F611FFF935700E337F4 /* LaunchScreen.storyboard */ = {
			isa = PBXVariantGroup;
			children = (
				78704F621FFF935700E337F4 /* Base */,
			);
			name = LaunchScreen.storyboard;
			sourceTree = "<group>";
		};
/* End PBXVariantGroup section */

/* Begin XCBuildConfiguration section */
		78704F7D1FFF935800E337F4 /* Debug */ = {
			isa = XCBuildConfiguration;
			buildSettings = {
				ALWAYS_SEARCH_USER_PATHS = NO;
				CLANG_ANALYZER_NONNULL = YES;
				CLANG_ANALYZER_NUMBER_OBJECT_CONVERSION = YES_AGGRESSIVE;
				CLANG_CXX_LANGUAGE_STANDARD = "gnu++14";
				CLANG_CXX_LIBRARY = "libc++";
				CLANG_ENABLE_MODULES = YES;
				CLANG_ENABLE_OBJC_ARC = YES;
				CLANG_WARN_BLOCK_CAPTURE_AUTORELEASING = YES;
				CLANG_WARN_BOOL_CONVERSION = YES;
				CLANG_WARN_COMMA = YES;
				CLANG_WARN_CONSTANT_CONVERSION = YES;
				CLANG_WARN_DIRECT_OBJC_ISA_USAGE = YES_ERROR;
				CLANG_WARN_DOCUMENTATION_COMMENTS = YES;
				CLANG_WARN_EMPTY_BODY = YES;
				CLANG_WARN_ENUM_CONVERSION = YES;
				CLANG_WARN_INFINITE_RECURSION = YES;
				CLANG_WARN_INT_CONVERSION = YES;
				CLANG_WARN_NON_LITERAL_NULL_CONVERSION = YES;
				CLANG_WARN_OBJC_LITERAL_CONVERSION = YES;
				CLANG_WARN_OBJC_ROOT_CLASS = YES_ERROR;
				CLANG_WARN_RANGE_LOOP_ANALYSIS = YES;
				CLANG_WARN_STRICT_PROTOTYPES = YES;
				CLANG_WARN_SUSPICIOUS_MOVE = YES;
				CLANG_WARN_UNGUARDED_AVAILABILITY = YES_AGGRESSIVE;
				CLANG_WARN_UNREACHABLE_CODE = YES;
				CLANG_WARN__DUPLICATE_METHOD_MATCH = YES;
				CODE_SIGN_IDENTITY = "iPhone Developer";
				COPY_PHASE_STRIP = NO;
				DEBUG_INFORMATION_FORMAT = dwarf;
				ENABLE_STRICT_OBJC_MSGSEND = YES;
				ENABLE_TESTABILITY = YES;
				GCC_C_LANGUAGE_STANDARD = gnu11;
				GCC_DYNAMIC_NO_PIC = NO;
				GCC_NO_COMMON_BLOCKS = YES;
				GCC_OPTIMIZATION_LEVEL = 0;
				GCC_PREPROCESSOR_DEFINITIONS = (
					"DEBUG=1",
					"$(inherited)",
				);
				GCC_WARN_64_TO_32_BIT_CONVERSION = YES;
				GCC_WARN_ABOUT_RETURN_TYPE = YES_ERROR;
				GCC_WARN_UNDECLARED_SELECTOR = YES;
				GCC_WARN_UNINITIALIZED_AUTOS = YES_AGGRESSIVE;
				GCC_WARN_UNUSED_FUNCTION = YES;
				GCC_WARN_UNUSED_VARIABLE = YES;
				IPHONEOS_DEPLOYMENT_TARGET = 11.1;
				MTL_ENABLE_DEBUG_INFO = YES;
				ONLY_ACTIVE_ARCH = YES;
				SDKROOT = iphoneos;
			};
			name = Debug;
		};
		78704F7E1FFF935800E337F4 /* Release */ = {
			isa = XCBuildConfiguration;
			buildSettings = {
				ALWAYS_SEARCH_USER_PATHS = NO;
				CLANG_ANALYZER_NONNULL = YES;
				CLANG_ANALYZER_NUMBER_OBJECT_CONVERSION = YES_AGGRESSIVE;
				CLANG_CXX_LANGUAGE_STANDARD = "gnu++14";
				CLANG_CXX_LIBRARY = "libc++";
				CLANG_ENABLE_MODULES = YES;
				CLANG_ENABLE_OBJC_ARC = YES;
				CLANG_WARN_BLOCK_CAPTURE_AUTORELEASING = YES;
				CLANG_WARN_BOOL_CONVERSION = YES;
				CLANG_WARN_COMMA = YES;
				CLANG_WARN_CONSTANT_CONVERSION = YES;
				CLANG_WARN_DIRECT_OBJC_ISA_USAGE = YES_ERROR;
				CLANG_WARN_DOCUMENTATION_COMMENTS = YES;
				CLANG_WARN_EMPTY_BODY = YES;
				CLANG_WARN_ENUM_CONVERSION = YES;
				CLANG_WARN_INFINITE_RECURSION = YES;
				CLANG_WARN_INT_CONVERSION = YES;
				CLANG_WARN_NON_LITERAL_NULL_CONVERSION = YES;
				CLANG_WARN_OBJC_LITERAL_CONVERSION = YES;
				CLANG_WARN_OBJC_ROOT_CLASS = YES_ERROR;
				CLANG_WARN_RANGE_LOOP_ANALYSIS = YES;
				CLANG_WARN_STRICT_PROTOTYPES = YES;
				CLANG_WARN_SUSPICIOUS_MOVE = YES;
				CLANG_WARN_UNGUARDED_AVAILABILITY = YES_AGGRESSIVE;
				CLANG_WARN_UNREACHABLE_CODE = YES;
				CLANG_WARN__DUPLICATE_METHOD_MATCH = YES;
				CODE_SIGN_IDENTITY = "iPhone Developer";
				COPY_PHASE_STRIP = NO;
				DEBUG_INFORMATION_FORMAT = "dwarf-with-dsym";
				ENABLE_NS_ASSERTIONS = NO;
				ENABLE_STRICT_OBJC_MSGSEND = YES;
				GCC_C_LANGUAGE_STANDARD = gnu11;
				GCC_NO_COMMON_BLOCKS = YES;
				GCC_WARN_64_TO_32_BIT_CONVERSION = YES;
				GCC_WARN_ABOUT_RETURN_TYPE = YES_ERROR;
				GCC_WARN_UNDECLARED_SELECTOR = YES;
				GCC_WARN_UNINITIALIZED_AUTOS = YES_AGGRESSIVE;
				GCC_WARN_UNUSED_FUNCTION = YES;
				GCC_WARN_UNUSED_VARIABLE = YES;
				IPHONEOS_DEPLOYMENT_TARGET = 11.1;
				MTL_ENABLE_DEBUG_INFO = NO;
				SDKROOT = iphoneos;
				VALIDATE_PRODUCT = YES;
			};
			name = Release;
		};
		78704F801FFF935800E337F4 /* Debug */ = {
			isa = XCBuildConfiguration;
			buildSettings = {
				ASSETCATALOG_COMPILER_APPICON_NAME = AppIcon;
				CODE_SIGN_STYLE = Automatic;
				DEVELOPMENT_TEAM = 3S2GM2BEM3;
				INFOPLIST_FILE = "KVO-KVC/Info.plist";
				LD_RUNPATH_SEARCH_PATHS = "$(inherited) @executable_path/Frameworks";
				PRODUCT_BUNDLE_IDENTIFIER = "chenbo.KVO-KVC";
				PRODUCT_NAME = "$(TARGET_NAME)";
				TARGETED_DEVICE_FAMILY = "1,2";
			};
			name = Debug;
		};
		78704F811FFF935800E337F4 /* Release */ = {
			isa = XCBuildConfiguration;
			buildSettings = {
				ASSETCATALOG_COMPILER_APPICON_NAME = AppIcon;
				CODE_SIGN_STYLE = Automatic;
				DEVELOPMENT_TEAM = 3S2GM2BEM3;
				INFOPLIST_FILE = "KVO-KVC/Info.plist";
				LD_RUNPATH_SEARCH_PATHS = "$(inherited) @executable_path/Frameworks";
				PRODUCT_BUNDLE_IDENTIFIER = "chenbo.KVO-KVC";
				PRODUCT_NAME = "$(TARGET_NAME)";
				TARGETED_DEVICE_FAMILY = "1,2";
			};
			name = Release;
		};
		78704F831FFF935800E337F4 /* Debug */ = {
			isa = XCBuildConfiguration;
			buildSettings = {
				BUNDLE_LOADER = "$(TEST_HOST)";
				CODE_SIGN_STYLE = Automatic;
				DEVELOPMENT_TEAM = 3S2GM2BEM3;
				INFOPLIST_FILE = "KVO-KVCTests/Info.plist";
				LD_RUNPATH_SEARCH_PATHS = "$(inherited) @executable_path/Frameworks @loader_path/Frameworks";
				PRODUCT_BUNDLE_IDENTIFIER = "chenbo.KVO-KVCTests";
				PRODUCT_NAME = "$(TARGET_NAME)";
				TARGETED_DEVICE_FAMILY = "1,2";
				TEST_HOST = "$(BUILT_PRODUCTS_DIR)/KVO-KVC.app/KVO-KVC";
			};
			name = Debug;
		};
		78704F841FFF935800E337F4 /* Release */ = {
			isa = XCBuildConfiguration;
			buildSettings = {
				BUNDLE_LOADER = "$(TEST_HOST)";
				CODE_SIGN_STYLE = Automatic;
				DEVELOPMENT_TEAM = 3S2GM2BEM3;
				INFOPLIST_FILE = "KVO-KVCTests/Info.plist";
				LD_RUNPATH_SEARCH_PATHS = "$(inherited) @executable_path/Frameworks @loader_path/Frameworks";
				PRODUCT_BUNDLE_IDENTIFIER = "chenbo.KVO-KVCTests";
				PRODUCT_NAME = "$(TARGET_NAME)";
				TARGETED_DEVICE_FAMILY = "1,2";
				TEST_HOST = "$(BUILT_PRODUCTS_DIR)/KVO-KVC.app/KVO-KVC";
			};
			name = Release;
		};
		78704F861FFF935800E337F4 /* Debug */ = {
			isa = XCBuildConfiguration;
			buildSettings = {
				CODE_SIGN_STYLE = Automatic;
				DEVELOPMENT_TEAM = 3S2GM2BEM3;
				INFOPLIST_FILE = "KVO-KVCUITests/Info.plist";
				LD_RUNPATH_SEARCH_PATHS = "$(inherited) @executable_path/Frameworks @loader_path/Frameworks";
				PRODUCT_BUNDLE_IDENTIFIER = "chenbo.KVO-KVCUITests";
				PRODUCT_NAME = "$(TARGET_NAME)";
				TARGETED_DEVICE_FAMILY = "1,2";
				TEST_TARGET_NAME = "KVO-KVC";
			};
			name = Debug;
		};
		78704F871FFF935800E337F4 /* Release */ = {
			isa = XCBuildConfiguration;
			buildSettings = {
				CODE_SIGN_STYLE = Automatic;
				DEVELOPMENT_TEAM = 3S2GM2BEM3;
				INFOPLIST_FILE = "KVO-KVCUITests/Info.plist";
				LD_RUNPATH_SEARCH_PATHS = "$(inherited) @executable_path/Frameworks @loader_path/Frameworks";
				PRODUCT_BUNDLE_IDENTIFIER = "chenbo.KVO-KVCUITests";
				PRODUCT_NAME = "$(TARGET_NAME)";
				TARGETED_DEVICE_FAMILY = "1,2";
				TEST_TARGET_NAME = "KVO-KVC";
			};
			name = Release;
		};
/* End XCBuildConfiguration section */

/* Begin XCConfigurationList section */
		78704F4E1FFF935700E337F4 /* Build configuration list for PBXProject "KVO-KVC" */ = {
			isa = XCConfigurationList;
			buildConfigurations = (
				78704F7D1FFF935800E337F4 /* Debug */,
				78704F7E1FFF935800E337F4 /* Release */,
			);
			defaultConfigurationIsVisible = 0;
			defaultConfigurationName = Release;
		};
		78704F7F1FFF935800E337F4 /* Build configuration list for PBXNativeTarget "KVO-KVC" */ = {
			isa = XCConfigurationList;
			buildConfigurations = (
				78704F801FFF935800E337F4 /* Debug */,
				78704F811FFF935800E337F4 /* Release */,
			);
			defaultConfigurationIsVisible = 0;
			defaultConfigurationName = Release;
		};
		78704F821FFF935800E337F4 /* Build configuration list for PBXNativeTarget "KVO-KVCTests" */ = {
			isa = XCConfigurationList;
			buildConfigurations = (
				78704F831FFF935800E337F4 /* Debug */,
				78704F841FFF935800E337F4 /* Release */,
			);
			defaultConfigurationIsVisible = 0;
			defaultConfigurationName = Release;
		};
		78704F851FFF935800E337F4 /* Build configuration list for PBXNativeTarget "KVO-KVCUITests" */ = {
			isa = XCConfigurationList;
			buildConfigurations = (
				78704F861FFF935800E337F4 /* Debug */,
				78704F871FFF935800E337F4 /* Release */,
			);
			defaultConfigurationIsVisible = 0;
			defaultConfigurationName = Release;
		};
/* End XCConfigurationList section */
	};
	rootObject = 78704F4B1FFF935700E337F4 /* Project object */;
}
