// !$*UTF8*$!
{
	archiveVersion = 1;
	classes = {
	};
	objectVersion = 48;
	objects = {

/* Begin PBXBuildFile section */
		9864102E1FCBE8AF00DAB782 /* NextViewController.swift in Sources */ = {isa = PBXBuildFile; fileRef = 9864102D1FCBE8AF00DAB782 /* NextViewController.swift */; };
		989758481FCE511F00727EBA /* ArcViewController.swift in Sources */ = {isa = PBXBuildFile; fileRef = 989758471FCE511F00727EBA /* ArcViewController.swift */; };
		9897584A1FCEAACC00727EBA /* OptionalChainViewController.swift in Sources */ = {isa = PBXBuildFile; fileRef = 989758491FCEAACC00727EBA /* OptionalChainViewController.swift */; };
		9897584C1FCEB06700727EBA /* ErrorHandlViewController.swift in Sources */ = {isa = PBXBuildFile; fileRef = 9897584B1FCEB06700727EBA /* ErrorHandlViewController.swift */; };
		98D015971FC50834004C6BF6 /* AppDelegate.swift in Sources */ = {isa = PBXBuildFile; fileRef = 98D015961FC50834004C6BF6 /* AppDelegate.swift */; };
		98D015991FC50834004C6BF6 /* ViewController.swift in Sources */ = {isa = PBXBuildFile; fileRef = 98D015981FC50834004C6BF6 /* ViewController.swift */; };
		98D0159C1FC50834004C6BF6 /* Main.storyboard in Resources */ = {isa = PBXBuildFile; fileRef = 98D0159A1FC50834004C6BF6 /* Main.storyboard */; };
		98D0159E1FC50834004C6BF6 /* Assets.xcassets in Resources */ = {isa = PBXBuildFile; fileRef = 98D0159D1FC50834004C6BF6 /* Assets.xcassets */; };
		98D015A11FC50834004C6BF6 /* LaunchScreen.storyboard in Resources */ = {isa = PBXBuildFile; fileRef = 98D0159F1FC50834004C6BF6 /* LaunchScreen.storyboard */; };
		98D015AC1FC50834004C6BF6 /* SwiftDemoTests.swift in Sources */ = {isa = PBXBuildFile; fileRef = 98D015AB1FC50834004C6BF6 /* SwiftDemoTests.swift */; };
		98D015B71FC50834004C6BF6 /* SwiftDemoUITests.swift in Sources */ = {isa = PBXBuildFile; fileRef = 98D015B61FC50834004C6BF6 /* SwiftDemoUITests.swift */; };
/* End PBXBuildFile section */

/* Begin PBXContainerItemProxy section */
		98D015A81FC50834004C6BF6 /* PBXContainerItemProxy */ = {
			isa = PBXContainerItemProxy;
			containerPortal = 98D0158B1FC50834004C6BF6 /* Project object */;
			proxyType = 1;
			remoteGlobalIDString = 98D015921FC50834004C6BF6;
			remoteInfo = SwiftDemo;
		};
		98D015B31FC50834004C6BF6 /* PBXContainerItemProxy */ = {
			isa = PBXContainerItemProxy;
			containerPortal = 98D0158B1FC50834004C6BF6 /* Project object */;
			proxyType = 1;
			remoteGlobalIDString = 98D015921FC50834004C6BF6;
			remoteInfo = SwiftDemo;
		};
/* End PBXContainerItemProxy section */

/* Begin PBXFileReference section */
		9864102D1FCBE8AF00DAB782 /* NextViewController.swift */ = {isa = PBXFileReference; lastKnownFileType = sourcecode.swift; path = NextViewController.swift; sourceTree = "<group>"; };
		989758471FCE511F00727EBA /* ArcViewController.swift */ = {isa = PBXFileReference; lastKnownFileType = sourcecode.swift; path = ArcViewController.swift; sourceTree = "<group>"; };
		989758491FCEAACC00727EBA /* OptionalChainViewController.swift */ = {isa = PBXFileReference; lastKnownFileType = sourcecode.swift; path = OptionalChainViewController.swift; sourceTree = "<group>"; };
		9897584B1FCEB06700727EBA /* ErrorHandlViewController.swift */ = {isa = PBXFileReference; lastKnownFileType = sourcecode.swift; path = ErrorHandlViewController.swift; sourceTree = "<group>"; };
		98D015931FC50834004C6BF6 /* SwiftDemo.app */ = {isa = PBXFileReference; explicitFileType = wrapper.application; includeInIndex = 0; path = SwiftDemo.app; sourceTree = BUILT_PRODUCTS_DIR; };
		98D015961FC50834004C6BF6 /* AppDelegate.swift */ = {isa = PBXFileReference; lastKnownFileType = sourcecode.swift; path = AppDelegate.swift; sourceTree = "<group>"; };
		98D015981FC50834004C6BF6 /* ViewController.swift */ = {isa = PBXFileReference; lastKnownFileType = sourcecode.swift; path = ViewController.swift; sourceTree = "<group>"; };
		98D0159B1FC50834004C6BF6 /* Base */ = {isa = PBXFileReference; lastKnownFileType = file.storyboard; name = Base; path = Base.lproj/Main.storyboard; sourceTree = "<group>"; };
		98D0159D1FC50834004C6BF6 /* Assets.xcassets */ = {isa = PBXFileReference; lastKnownFileType = folder.assetcatalog; path = Assets.xcassets; sourceTree = "<group>"; };
		98D015A01FC50834004C6BF6 /* Base */ = {isa = PBXFileReference; lastKnownFileType = file.storyboard; name = Base; path = Base.lproj/LaunchScreen.storyboard; sourceTree = "<group>"; };
		98D015A21FC50834004C6BF6 /* Info.plist */ = {isa = PBXFileReference; lastKnownFileType = text.plist.xml; path = Info.plist; sourceTree = "<group>"; };
		98D015A71FC50834004C6BF6 /* SwiftDemoTests.xctest */ = {isa = PBXFileReference; explicitFileType = wrapper.cfbundle; includeInIndex = 0; path = SwiftDemoTests.xctest; sourceTree = BUILT_PRODUCTS_DIR; };
		98D015AB1FC50834004C6BF6 /* SwiftDemoTests.swift */ = {isa = PBXFileReference; lastKnownFileType = sourcecode.swift; path = SwiftDemoTests.swift; sourceTree = "<group>"; };
		98D015AD1FC50834004C6BF6 /* Info.plist */ = {isa = PBXFileReference; lastKnownFileType = text.plist.xml; path = Info.plist; sourceTree = "<group>"; };
		98D015B21FC50834004C6BF6 /* SwiftDemoUITests.xctest */ = {isa = PBXFileReference; explicitFileType = wrapper.cfbundle; includeInIndex = 0; path = SwiftDemoUITests.xctest; sourceTree = BUILT_PRODUCTS_DIR; };
		98D015B61FC50834004C6BF6 /* SwiftDemoUITests.swift */ = {isa = PBXFileReference; lastKnownFileType = sourcecode.swift; path = SwiftDemoUITests.swift; sourceTree = "<group>"; };
		98D015B81FC50834004C6BF6 /* Info.plist */ = {isa = PBXFileReference; lastKnownFileType = text.plist.xml; path = Info.plist; sourceTree = "<group>"; };
/* End PBXFileReference section */

/* Begin PBXFrameworksBuildPhase section */
		98D015901FC50834004C6BF6 /* Frameworks */ = {
			isa = PBXFrameworksBuildPhase;
			buildActionMask = 2147483647;
			files = (
			);
			runOnlyForDeploymentPostprocessing = 0;
		};
		98D015A41FC50834004C6BF6 /* Frameworks */ = {
			isa = PBXFrameworksBuildPhase;
			buildActionMask = 2147483647;
			files = (
			);
			runOnlyForDeploymentPostprocessing = 0;
		};
		98D015AF1FC50834004C6BF6 /* Frameworks */ = {
			isa = PBXFrameworksBuildPhase;
			buildActionMask = 2147483647;
			files = (
			);
			runOnlyForDeploymentPostprocessing = 0;
		};
/* End PBXFrameworksBuildPhase section */

/* Begin PBXGroup section */
		98D0158A1FC50834004C6BF6 = {
			isa = PBXGroup;
			children = (
				98D015951FC50834004C6BF6 /* SwiftDemo */,
				98D015AA1FC50834004C6BF6 /* SwiftDemoTests */,
				98D015B51FC50834004C6BF6 /* SwiftDemoUITests */,
				98D015941FC50834004C6BF6 /* Products */,
			);
			sourceTree = "<group>";
		};
		98D015941FC50834004C6BF6 /* Products */ = {
			isa = PBXGroup;
			children = (
				98D015931FC50834004C6BF6 /* SwiftDemo.app */,
				98D015A71FC50834004C6BF6 /* SwiftDemoTests.xctest */,
				98D015B21FC50834004C6BF6 /* SwiftDemoUITests.xctest */,
			);
			name = Products;
			sourceTree = "<group>";
		};
		98D015951FC50834004C6BF6 /* SwiftDemo */ = {
			isa = PBXGroup;
			children = (
				98D015961FC50834004C6BF6 /* AppDelegate.swift */,
				98D015981FC50834004C6BF6 /* ViewController.swift */,
				98D0159A1FC50834004C6BF6 /* Main.storyboard */,
				9864102D1FCBE8AF00DAB782 /* NextViewController.swift */,
				989758471FCE511F00727EBA /* ArcViewController.swift */,
				989758491FCEAACC00727EBA /* OptionalChainViewController.swift */,
				9897584B1FCEB06700727EBA /* ErrorHandlViewController.swift */,
				98D0159D1FC50834004C6BF6 /* Assets.xcassets */,
				98D0159F1FC50834004C6BF6 /* LaunchScreen.storyboard */,
				98D015A21FC50834004C6BF6 /* Info.plist */,
			);
			path = SwiftDemo;
			sourceTree = "<group>";
		};
		98D015AA1FC50834004C6BF6 /* SwiftDemoTests */ = {
			isa = PBXGroup;
			children = (
				98D015AB1FC50834004C6BF6 /* SwiftDemoTests.swift */,
				98D015AD1FC50834004C6BF6 /* Info.plist */,
			);
			path = SwiftDemoTests;
			sourceTree = "<group>";
		};
		98D015B51FC50834004C6BF6 /* SwiftDemoUITests */ = {
			isa = PBXGroup;
			children = (
				98D015B61FC50834004C6BF6 /* SwiftDemoUITests.swift */,
				98D015B81FC50834004C6BF6 /* Info.plist */,
			);
			path = SwiftDemoUITests;
			sourceTree = "<group>";
		};
/* End PBXGroup section */

/* Begin PBXNativeTarget section */
		98D015921FC50834004C6BF6 /* SwiftDemo */ = {
			isa = PBXNativeTarget;
			buildConfigurationList = 98D015BB1FC50834004C6BF6 /* Build configuration list for PBXNativeTarget "SwiftDemo" */;
			buildPhases = (
				98D0158F1FC50834004C6BF6 /* Sources */,
				98D015901FC50834004C6BF6 /* Frameworks */,
				98D015911FC50834004C6BF6 /* Resources */,
			);
			buildRules = (
			);
			dependencies = (
			);
			name = SwiftDemo;
			productName = SwiftDemo;
			productReference = 98D015931FC50834004C6BF6 /* SwiftDemo.app */;
			productType = "com.apple.product-type.application";
		};
		98D015A61FC50834004C6BF6 /* SwiftDemoTests */ = {
			isa = PBXNativeTarget;
			buildConfigurationList = 98D015BE1FC50834004C6BF6 /* Build configuration list for PBXNativeTarget "SwiftDemoTests" */;
			buildPhases = (
				98D015A31FC50834004C6BF6 /* Sources */,
				98D015A41FC50834004C6BF6 /* Frameworks */,
				98D015A51FC50834004C6BF6 /* Resources */,
			);
			buildRules = (
			);
			dependencies = (
				98D015A91FC50834004C6BF6 /* PBXTargetDependency */,
			);
			name = SwiftDemoTests;
			productName = SwiftDemoTests;
			productReference = 98D015A71FC50834004C6BF6 /* SwiftDemoTests.xctest */;
			productType = "com.apple.product-type.bundle.unit-test";
		};
		98D015B11FC50834004C6BF6 /* SwiftDemoUITests */ = {
			isa = PBXNativeTarget;
			buildConfigurationList = 98D015C11FC50834004C6BF6 /* Build configuration list for PBXNativeTarget "SwiftDemoUITests" */;
			buildPhases = (
				98D015AE1FC50834004C6BF6 /* Sources */,
				98D015AF1FC50834004C6BF6 /* Frameworks */,
				98D015B01FC50834004C6BF6 /* Resources */,
			);
			buildRules = (
			);
			dependencies = (
				98D015B41FC50834004C6BF6 /* PBXTargetDependency */,
			);
			name = SwiftDemoUITests;
			productName = SwiftDemoUITests;
			productReference = 98D015B21FC50834004C6BF6 /* SwiftDemoUITests.xctest */;
			productType = "com.apple.product-type.bundle.ui-testing";
		};
/* End PBXNativeTarget section */

/* Begin PBXProject section */
		98D0158B1FC50834004C6BF6 /* Project object */ = {
			isa = PBXProject;
			attributes = {
				LastSwiftUpdateCheck = 0910;
				LastUpgradeCheck = 0910;
				ORGANIZATIONNAME = "陈博";
				TargetAttributes = {
					98D015921FC50834004C6BF6 = {
						CreatedOnToolsVersion = 9.1;
						ProvisioningStyle = Automatic;
					};
					98D015A61FC50834004C6BF6 = {
						CreatedOnToolsVersion = 9.1;
						ProvisioningStyle = Automatic;
						TestTargetID = 98D015921FC50834004C6BF6;
					};
					98D015B11FC50834004C6BF6 = {
						CreatedOnToolsVersion = 9.1;
						ProvisioningStyle = Automatic;
						TestTargetID = 98D015921FC50834004C6BF6;
					};
				};
			};
			buildConfigurationList = 98D0158E1FC50834004C6BF6 /* Build configuration list for PBXProject "SwiftDemo" */;
			compatibilityVersion = "Xcode 8.0";
			developmentRegion = en;
			hasScannedForEncodings = 0;
			knownRegions = (
				en,
				Base,
			);
			mainGroup = 98D0158A1FC50834004C6BF6;
			productRefGroup = 98D015941FC50834004C6BF6 /* Products */;
			projectDirPath = "";
			projectRoot = "";
			targets = (
				98D015921FC50834004C6BF6 /* SwiftDemo */,
				98D015A61FC50834004C6BF6 /* SwiftDemoTests */,
				98D015B11FC50834004C6BF6 /* SwiftDemoUITests */,
			);
		};
/* End PBXProject section */

/* Begin PBXResourcesBuildPhase section */
		98D015911FC50834004C6BF6 /* Resources */ = {
			isa = PBXResourcesBuildPhase;
			buildActionMask = 2147483647;
			files = (
				98D015A11FC50834004C6BF6 /* LaunchScreen.storyboard in Resources */,
				98D0159E1FC50834004C6BF6 /* Assets.xcassets in Resources */,
				98D0159C1FC50834004C6BF6 /* Main.storyboard in Resources */,
			);
			runOnlyForDeploymentPostprocessing = 0;
		};
		98D015A51FC50834004C6BF6 /* Resources */ = {
			isa = PBXResourcesBuildPhase;
			buildActionMask = 2147483647;
			files = (
			);
			runOnlyForDeploymentPostprocessing = 0;
		};
		98D015B01FC50834004C6BF6 /* Resources */ = {
			isa = PBXResourcesBuildPhase;
			buildActionMask = 2147483647;
			files = (
			);
			runOnlyForDeploymentPostprocessing = 0;
		};
/* End PBXResourcesBuildPhase section */

/* Begin PBXSourcesBuildPhase section */
		98D0158F1FC50834004C6BF6 /* Sources */ = {
			isa = PBXSourcesBuildPhase;
			buildActionMask = 2147483647;
			files = (
				98D015991FC50834004C6BF6 /* ViewController.swift in Sources */,
				9897584C1FCEB06700727EBA /* ErrorHandlViewController.swift in Sources */,
				9864102E1FCBE8AF00DAB782 /* NextViewController.swift in Sources */,
				98D015971FC50834004C6BF6 /* AppDelegate.swift in Sources */,
				9897584A1FCEAACC00727EBA /* OptionalChainViewController.swift in Sources */,
				989758481FCE511F00727EBA /* ArcViewController.swift in Sources */,
			);
			runOnlyForDeploymentPostprocessing = 0;
		};
		98D015A31FC50834004C6BF6 /* Sources */ = {
			isa = PBXSourcesBuildPhase;
			buildActionMask = 2147483647;
			files = (
				98D015AC1FC50834004C6BF6 /* SwiftDemoTests.swift in Sources */,
			);
			runOnlyForDeploymentPostprocessing = 0;
		};
		98D015AE1FC50834004C6BF6 /* Sources */ = {
			isa = PBXSourcesBuildPhase;
			buildActionMask = 2147483647;
			files = (
				98D015B71FC50834004C6BF6 /* SwiftDemoUITests.swift in Sources */,
			);
			runOnlyForDeploymentPostprocessing = 0;
		};
/* End PBXSourcesBuildPhase section */

/* Begin PBXTargetDependency section */
		98D015A91FC50834004C6BF6 /* PBXTargetDependency */ = {
			isa = PBXTargetDependency;
			target = 98D015921FC50834004C6BF6 /* SwiftDemo */;
			targetProxy = 98D015A81FC50834004C6BF6 /* PBXContainerItemProxy */;
		};
		98D015B41FC50834004C6BF6 /* PBXTargetDependency */ = {
			isa = PBXTargetDependency;
			target = 98D015921FC50834004C6BF6 /* SwiftDemo */;
			targetProxy = 98D015B31FC50834004C6BF6 /* PBXContainerItemProxy */;
		};
/* End PBXTargetDependency section */

/* Begin PBXVariantGroup section */
		98D0159A1FC50834004C6BF6 /* Main.storyboard */ = {
			isa = PBXVariantGroup;
			children = (
				98D0159B1FC50834004C6BF6 /* Base */,
			);
			name = Main.storyboard;
			sourceTree = "<group>";
		};
		98D0159F1FC50834004C6BF6 /* LaunchScreen.storyboard */ = {
			isa = PBXVariantGroup;
			children = (
				98D015A01FC50834004C6BF6 /* Base */,
			);
			name = LaunchScreen.storyboard;
			sourceTree = "<group>";
		};
/* End PBXVariantGroup section */

/* Begin XCBuildConfiguration section */
		98D015B91FC50834004C6BF6 /* Debug */ = {
			isa = XCBuildConfiguration;
			buildSettings = {
				ALWAYS_SEARCH_USER_PATHS = NO;
				CLANG_ANALYZER_NONNULL = YES;
				CLANG_ANALYZER_NUMBER_OBJECT_CONVERSION = YES_AGGRESSIVE;
				CLANG_CXX_LANGUAGE_STANDARD = "gnu++14";
				CLANG_CXX_LIBRARY = "libc++";
				CLANG_ENABLE_MODULES = YES;
				CLANG_ENABLE_OBJC_ARC = YES;
				CLANG_WARN_BLOCK_CAPTURE_AUTORELEASING = YES;
				CLANG_WARN_BOOL_CONVERSION = YES;
				CLANG_WARN_COMMA = YES;
				CLANG_WARN_CONSTANT_CONVERSION = YES;
				CLANG_WARN_DIRECT_OBJC_ISA_USAGE = YES_ERROR;
				CLANG_WARN_DOCUMENTATION_COMMENTS = YES;
				CLANG_WARN_EMPTY_BODY = YES;
				CLANG_WARN_ENUM_CONVERSION = YES;
				CLANG_WARN_INFINITE_RECURSION = YES;
				CLANG_WARN_INT_CONVERSION = YES;
				CLANG_WARN_NON_LITERAL_NULL_CONVERSION = YES;
				CLANG_WARN_OBJC_LITERAL_CONVERSION = YES;
				CLANG_WARN_OBJC_ROOT_CLASS = YES_ERROR;
				CLANG_WARN_RANGE_LOOP_ANALYSIS = YES;
				CLANG_WARN_STRICT_PROTOTYPES = YES;
				CLANG_WARN_SUSPICIOUS_MOVE = YES;
				CLANG_WARN_UNGUARDED_AVAILABILITY = YES_AGGRESSIVE;
				CLANG_WARN_UNREACHABLE_CODE = YES;
				CLANG_WARN__DUPLICATE_METHOD_MATCH = YES;
				CODE_SIGN_IDENTITY = "iPhone Developer";
				COPY_PHASE_STRIP = NO;
				DEBUG_INFORMATION_FORMAT = dwarf;
				ENABLE_STRICT_OBJC_MSGSEND = YES;
				ENABLE_TESTABILITY = YES;
				GCC_C_LANGUAGE_STANDARD = gnu11;
				GCC_DYNAMIC_NO_PIC = NO;
				GCC_NO_COMMON_BLOCKS = YES;
				GCC_OPTIMIZATION_LEVEL = 0;
				GCC_PREPROCESSOR_DEFINITIONS = (
					"DEBUG=1",
					"$(inherited)",
				);
				GCC_WARN_64_TO_32_BIT_CONVERSION = YES;
				GCC_WARN_ABOUT_RETURN_TYPE = YES_ERROR;
				GCC_WARN_UNDECLARED_SELECTOR = YES;
				GCC_WARN_UNINITIALIZED_AUTOS = YES_AGGRESSIVE;
				GCC_WARN_UNUSED_FUNCTION = YES;
				GCC_WARN_UNUSED_VARIABLE = YES;
				IPHONEOS_DEPLOYMENT_TARGET = 11.1;
				MTL_ENABLE_DEBUG_INFO = YES;
				ONLY_ACTIVE_ARCH = YES;
				SDKROOT = iphoneos;
				SWIFT_ACTIVE_COMPILATION_CONDITIONS = DEBUG;
				SWIFT_OPTIMIZATION_LEVEL = "-Onone";
			};
			name = Debug;
		};
		98D015BA1FC50834004C6BF6 /* Release */ = {
			isa = XCBuildConfiguration;
			buildSettings = {
				ALWAYS_SEARCH_USER_PATHS = NO;
				CLANG_ANALYZER_NONNULL = YES;
				CLANG_ANALYZER_NUMBER_OBJECT_CONVERSION = YES_AGGRESSIVE;
				CLANG_CXX_LANGUAGE_STANDARD = "gnu++14";
				CLANG_CXX_LIBRARY = "libc++";
				CLANG_ENABLE_MODULES = YES;
				CLANG_ENABLE_OBJC_ARC = YES;
				CLANG_WARN_BLOCK_CAPTURE_AUTORELEASING = YES;
				CLANG_WARN_BOOL_CONVERSION = YES;
				CLANG_WARN_COMMA = YES;
				CLANG_WARN_CONSTANT_CONVERSION = YES;
				CLANG_WARN_DIRECT_OBJC_ISA_USAGE = YES_ERROR;
				CLANG_WARN_DOCUMENTATION_COMMENTS = YES;
				CLANG_WARN_EMPTY_BODY = YES;
				CLANG_WARN_ENUM_CONVERSION = YES;
				CLANG_WARN_INFINITE_RECURSION = YES;
				CLANG_WARN_INT_CONVERSION = YES;
				CLANG_WARN_NON_LITERAL_NULL_CONVERSION = YES;
				CLANG_WARN_OBJC_LITERAL_CONVERSION = YES;
				CLANG_WARN_OBJC_ROOT_CLASS = YES_ERROR;
				CLANG_WARN_RANGE_LOOP_ANALYSIS = YES;
				CLANG_WARN_STRICT_PROTOTYPES = YES;
				CLANG_WARN_SUSPICIOUS_MOVE = YES;
				CLANG_WARN_UNGUARDED_AVAILABILITY = YES_AGGRESSIVE;
				CLANG_WARN_UNREACHABLE_CODE = YES;
				CLANG_WARN__DUPLICATE_METHOD_MATCH = YES;
				CODE_SIGN_IDENTITY = "iPhone Developer";
				COPY_PHASE_STRIP = NO;
				DEBUG_INFORMATION_FORMAT = "dwarf-with-dsym";
				ENABLE_NS_ASSERTIONS = NO;
				ENABLE_STRICT_OBJC_MSGSEND = YES;
				GCC_C_LANGUAGE_STANDARD = gnu11;
				GCC_NO_COMMON_BLOCKS = YES;
				GCC_WARN_64_TO_32_BIT_CONVERSION = YES;
				GCC_WARN_ABOUT_RETURN_TYPE = YES_ERROR;
				GCC_WARN_UNDECLARED_SELECTOR = YES;
				GCC_WARN_UNINITIALIZED_AUTOS = YES_AGGRESSIVE;
				GCC_WARN_UNUSED_FUNCTION = YES;
				GCC_WARN_UNUSED_VARIABLE = YES;
				IPHONEOS_DEPLOYMENT_TARGET = 11.1;
				MTL_ENABLE_DEBUG_INFO = NO;
				SDKROOT = iphoneos;
				SWIFT_OPTIMIZATION_LEVEL = "-Owholemodule";
				VALIDATE_PRODUCT = YES;
			};
			name = Release;
		};
		98D015BC1FC50834004C6BF6 /* Debug */ = {
			isa = XCBuildConfiguration;
			buildSettings = {
				ASSETCATALOG_COMPILER_APPICON_NAME = AppIcon;
				CODE_SIGN_STYLE = Automatic;
				DEVELOPMENT_TEAM = 3S2GM2BEM3;
				INFOPLIST_FILE = SwiftDemo/Info.plist;
				LD_RUNPATH_SEARCH_PATHS = "$(inherited) @executable_path/Frameworks";
				PRODUCT_BUNDLE_IDENTIFIER = chenbo.SwiftDemo;
				PRODUCT_NAME = "$(TARGET_NAME)";
				SWIFT_VERSION = 4.0;
				TARGETED_DEVICE_FAMILY = "1,2";
			};
			name = Debug;
		};
		98D015BD1FC50834004C6BF6 /* Release */ = {
			isa = XCBuildConfiguration;
			buildSettings = {
				ASSETCATALOG_COMPILER_APPICON_NAME = AppIcon;
				CODE_SIGN_STYLE = Automatic;
				DEVELOPMENT_TEAM = 3S2GM2BEM3;
				INFOPLIST_FILE = SwiftDemo/Info.plist;
				LD_RUNPATH_SEARCH_PATHS = "$(inherited) @executable_path/Frameworks";
				PRODUCT_BUNDLE_IDENTIFIER = chenbo.SwiftDemo;
				PRODUCT_NAME = "$(TARGET_NAME)";
				SWIFT_VERSION = 4.0;
				TARGETED_DEVICE_FAMILY = "1,2";
			};
			name = Release;
		};
		98D015BF1FC50834004C6BF6 /* Debug */ = {
			isa = XCBuildConfiguration;
			buildSettings = {
				ALWAYS_EMBED_SWIFT_STANDARD_LIBRARIES = YES;
				BUNDLE_LOADER = "$(TEST_HOST)";
				CODE_SIGN_STYLE = Automatic;
				DEVELOPMENT_TEAM = 3S2GM2BEM3;
				INFOPLIST_FILE = SwiftDemoTests/Info.plist;
				LD_RUNPATH_SEARCH_PATHS = "$(inherited) @executable_path/Frameworks @loader_path/Frameworks";
				PRODUCT_BUNDLE_IDENTIFIER = chenbo.SwiftDemoTests;
				PRODUCT_NAME = "$(TARGET_NAME)";
				SWIFT_VERSION = 4.0;
				TARGETED_DEVICE_FAMILY = "1,2";
				TEST_HOST = "$(BUILT_PRODUCTS_DIR)/SwiftDemo.app/SwiftDemo";
			};
			name = Debug;
		};
		98D015C01FC50834004C6BF6 /* Release */ = {
			isa = XCBuildConfiguration;
			buildSettings = {
				ALWAYS_EMBED_SWIFT_STANDARD_LIBRARIES = YES;
				BUNDLE_LOADER = "$(TEST_HOST)";
				CODE_SIGN_STYLE = Automatic;
				DEVELOPMENT_TEAM = 3S2GM2BEM3;
				INFOPLIST_FILE = SwiftDemoTests/Info.plist;
				LD_RUNPATH_SEARCH_PATHS = "$(inherited) @executable_path/Frameworks @loader_path/Frameworks";
				PRODUCT_BUNDLE_IDENTIFIER = chenbo.SwiftDemoTests;
				PRODUCT_NAME = "$(TARGET_NAME)";
				SWIFT_VERSION = 4.0;
				TARGETED_DEVICE_FAMILY = "1,2";
				TEST_HOST = "$(BUILT_PRODUCTS_DIR)/SwiftDemo.app/SwiftDemo";
			};
			name = Release;
		};
		98D015C21FC50834004C6BF6 /* Debug */ = {
			isa = XCBuildConfiguration;
			buildSettings = {
				ALWAYS_EMBED_SWIFT_STANDARD_LIBRARIES = YES;
				CODE_SIGN_STYLE = Automatic;
				DEVELOPMENT_TEAM = 3S2GM2BEM3;
				INFOPLIST_FILE = SwiftDemoUITests/Info.plist;
				LD_RUNPATH_SEARCH_PATHS = "$(inherited) @executable_path/Frameworks @loader_path/Frameworks";
				PRODUCT_BUNDLE_IDENTIFIER = chenbo.SwiftDemoUITests;
				PRODUCT_NAME = "$(TARGET_NAME)";
				SWIFT_VERSION = 4.0;
				TARGETED_DEVICE_FAMILY = "1,2";
				TEST_TARGET_NAME = SwiftDemo;
			};
			name = Debug;
		};
		98D015C31FC50834004C6BF6 /* Release */ = {
			isa = XCBuildConfiguration;
			buildSettings = {
				ALWAYS_EMBED_SWIFT_STANDARD_LIBRARIES = YES;
				CODE_SIGN_STYLE = Automatic;
				DEVELOPMENT_TEAM = 3S2GM2BEM3;
				INFOPLIST_FILE = SwiftDemoUITests/Info.plist;
				LD_RUNPATH_SEARCH_PATHS = "$(inherited) @executable_path/Frameworks @loader_path/Frameworks";
				PRODUCT_BUNDLE_IDENTIFIER = chenbo.SwiftDemoUITests;
				PRODUCT_NAME = "$(TARGET_NAME)";
				SWIFT_VERSION = 4.0;
				TARGETED_DEVICE_FAMILY = "1,2";
				TEST_TARGET_NAME = SwiftDemo;
			};
			name = Release;
		};
/* End XCBuildConfiguration section */

/* Begin XCConfigurationList section */
		98D0158E1FC50834004C6BF6 /* Build configuration list for PBXProject "SwiftDemo" */ = {
			isa = XCConfigurationList;
			buildConfigurations = (
				98D015B91FC50834004C6BF6 /* Debug */,
				98D015BA1FC50834004C6BF6 /* Release */,
			);
			defaultConfigurationIsVisible = 0;
			defaultConfigurationName = Release;
		};
		98D015BB1FC50834004C6BF6 /* Build configuration list for PBXNativeTarget "SwiftDemo" */ = {
			isa = XCConfigurationList;
			buildConfigurations = (
				98D015BC1FC50834004C6BF6 /* Debug */,
				98D015BD1FC50834004C6BF6 /* Release */,
			);
			defaultConfigurationIsVisible = 0;
			defaultConfigurationName = Release;
		};
		98D015BE1FC50834004C6BF6 /* Build configuration list for PBXNativeTarget "SwiftDemoTests" */ = {
			isa = XCConfigurationList;
			buildConfigurations = (
				98D015BF1FC50834004C6BF6 /* Debug */,
				98D015C01FC50834004C6BF6 /* Release */,
			);
			defaultConfigurationIsVisible = 0;
			defaultConfigurationName = Release;
		};
		98D015C11FC50834004C6BF6 /* Build configuration list for PBXNativeTarget "SwiftDemoUITests" */ = {
			isa = XCConfigurationList;
			buildConfigurations = (
				98D015C21FC50834004C6BF6 /* Debug */,
				98D015C31FC50834004C6BF6 /* Release */,
			);
			defaultConfigurationIsVisible = 0;
			defaultConfigurationName = Release;
		};
/* End XCConfigurationList section */
	};
	rootObject = 98D0158B1FC50834004C6BF6 /* Project object */;
}
