// !$*UTF8*$!
{
	archiveVersion = 1;
	classes = {
	};
	objectVersion = 48;
	objects = {

/* Begin PBXBuildFile section */
		78278C27204A4D8D0010FDA6 /* AppDelegate.m in Sources */ = {isa = PBXBuildFile; fileRef = 78278C26204A4D8D0010FDA6 /* AppDelegate.m */; };
		78278C2A204A4D8D0010FDA6 /* ViewController.m in Sources */ = {isa = PBXBuildFile; fileRef = 78278C29204A4D8D0010FDA6 /* ViewController.m */; };
		78278C2D204A4D8D0010FDA6 /* Main.storyboard in Resources */ = {isa = PBXBuildFile; fileRef = 78278C2B204A4D8D0010FDA6 /* Main.storyboard */; };
		78278C2F204A4D8D0010FDA6 /* Assets.xcassets in Resources */ = {isa = PBXBuildFile; fileRef = 78278C2E204A4D8D0010FDA6 /* Assets.xcassets */; };
		78278C32204A4D8D0010FDA6 /* LaunchScreen.storyboard in Resources */ = {isa = PBXBuildFile; fileRef = 78278C30204A4D8D0010FDA6 /* LaunchScreen.storyboard */; };
		78278C35204A4D8D0010FDA6 /* main.m in Sources */ = {isa = PBXBuildFile; fileRef = 78278C34204A4D8D0010FDA6 /* main.m */; };
		78278C3C204A4E430010FDA6 /* index.html in Resources */ = {isa = PBXBuildFile; fileRef = 78278C3B204A4E430010FDA6 /* index.html */; };
		78278C3F204A6E4F0010FDA6 /* FirstViewController.m in Sources */ = {isa = PBXBuildFile; fileRef = 78278C3E204A6E4F0010FDA6 /* FirstViewController.m */; };
		78278C41204A79F10010FDA6 /* indexTwo.html in Resources */ = {isa = PBXBuildFile; fileRef = 78278C40204A79F00010FDA6 /* indexTwo.html */; };
/* End PBXBuildFile section */

/* Begin PBXFileReference section */
		78278C22204A4D8D0010FDA6 /* Native_H5_Interaction.app */ = {isa = PBXFileReference; explicitFileType = wrapper.application; includeInIndex = 0; path = Native_H5_Interaction.app; sourceTree = BUILT_PRODUCTS_DIR; };
		78278C25204A4D8D0010FDA6 /* AppDelegate.h */ = {isa = PBXFileReference; lastKnownFileType = sourcecode.c.h; path = AppDelegate.h; sourceTree = "<group>"; };
		78278C26204A4D8D0010FDA6 /* AppDelegate.m */ = {isa = PBXFileReference; lastKnownFileType = sourcecode.c.objc; path = AppDelegate.m; sourceTree = "<group>"; };
		78278C28204A4D8D0010FDA6 /* ViewController.h */ = {isa = PBXFileReference; lastKnownFileType = sourcecode.c.h; path = ViewController.h; sourceTree = "<group>"; };
		78278C29204A4D8D0010FDA6 /* ViewController.m */ = {isa = PBXFileReference; lastKnownFileType = sourcecode.c.objc; path = ViewController.m; sourceTree = "<group>"; };
		78278C2C204A4D8D0010FDA6 /* Base */ = {isa = PBXFileReference; lastKnownFileType = file.storyboard; name = Base; path = Base.lproj/Main.storyboard; sourceTree = "<group>"; };
		78278C2E204A4D8D0010FDA6 /* Assets.xcassets */ = {isa = PBXFileReference; lastKnownFileType = folder.assetcatalog; path = Assets.xcassets; sourceTree = "<group>"; };
		78278C31204A4D8D0010FDA6 /* Base */ = {isa = PBXFileReference; lastKnownFileType = file.storyboard; name = Base; path = Base.lproj/LaunchScreen.storyboard; sourceTree = "<group>"; };
		78278C33204A4D8D0010FDA6 /* Info.plist */ = {isa = PBXFileReference; lastKnownFileType = text.plist.xml; path = Info.plist; sourceTree = "<group>"; };
		78278C34204A4D8D0010FDA6 /* main.m */ = {isa = PBXFileReference; lastKnownFileType = sourcecode.c.objc; path = main.m; sourceTree = "<group>"; };
		78278C3B204A4E430010FDA6 /* index.html */ = {isa = PBXFileReference; fileEncoding = 4; lastKnownFileType = text.html; path = index.html; sourceTree = "<group>"; };
		78278C3D204A6E4F0010FDA6 /* FirstViewController.h */ = {isa = PBXFileReference; lastKnownFileType = sourcecode.c.h; path = FirstViewController.h; sourceTree = "<group>"; };
		78278C3E204A6E4F0010FDA6 /* FirstViewController.m */ = {isa = PBXFileReference; lastKnownFileType = sourcecode.c.objc; path = FirstViewController.m; sourceTree = "<group>"; };
		78278C40204A79F00010FDA6 /* indexTwo.html */ = {isa = PBXFileReference; fileEncoding = 4; lastKnownFileType = text.html; path = indexTwo.html; sourceTree = "<group>"; };
/* End PBXFileReference section */

/* Begin PBXFrameworksBuildPhase section */
		78278C1F204A4D8D0010FDA6 /* Frameworks */ = {
			isa = PBXFrameworksBuildPhase;
			buildActionMask = 2147483647;
			files = (
			);
			runOnlyForDeploymentPostprocessing = 0;
		};
/* End PBXFrameworksBuildPhase section */

/* Begin PBXGroup section */
		78278C19204A4D8D0010FDA6 = {
			isa = PBXGroup;
			children = (
				78278C24204A4D8D0010FDA6 /* Native_H5_Interaction */,
				78278C23204A4D8D0010FDA6 /* Products */,
			);
			sourceTree = "<group>";
		};
		78278C23204A4D8D0010FDA6 /* Products */ = {
			isa = PBXGroup;
			children = (
				78278C22204A4D8D0010FDA6 /* Native_H5_Interaction.app */,
			);
			name = Products;
			sourceTree = "<group>";
		};
		78278C24204A4D8D0010FDA6 /* Native_H5_Interaction */ = {
			isa = PBXGroup;
			children = (
				78278C40204A79F00010FDA6 /* indexTwo.html */,
				78278C3B204A4E430010FDA6 /* index.html */,
				78278C25204A4D8D0010FDA6 /* AppDelegate.h */,
				78278C26204A4D8D0010FDA6 /* AppDelegate.m */,
				78278C28204A4D8D0010FDA6 /* ViewController.h */,
				78278C29204A4D8D0010FDA6 /* ViewController.m */,
				78278C2B204A4D8D0010FDA6 /* Main.storyboard */,
				78278C2E204A4D8D0010FDA6 /* Assets.xcassets */,
				78278C30204A4D8D0010FDA6 /* LaunchScreen.storyboard */,
				78278C33204A4D8D0010FDA6 /* Info.plist */,
				78278C34204A4D8D0010FDA6 /* main.m */,
				78278C3D204A6E4F0010FDA6 /* FirstViewController.h */,
				78278C3E204A6E4F0010FDA6 /* FirstViewController.m */,
			);
			path = Native_H5_Interaction;
			sourceTree = "<group>";
		};
/* End PBXGroup section */

/* Begin PBXNativeTarget section */
		78278C21204A4D8D0010FDA6 /* Native_H5_Interaction */ = {
			isa = PBXNativeTarget;
			buildConfigurationList = 78278C38204A4D8D0010FDA6 /* Build configuration list for PBXNativeTarget "Native_H5_Interaction" */;
			buildPhases = (
				78278C1E204A4D8D0010FDA6 /* Sources */,
				78278C1F204A4D8D0010FDA6 /* Frameworks */,
				78278C20204A4D8D0010FDA6 /* Resources */,
			);
			buildRules = (
			);
			dependencies = (
			);
			name = Native_H5_Interaction;
			productName = Native_H5_Interaction;
			productReference = 78278C22204A4D8D0010FDA6 /* Native_H5_Interaction.app */;
			productType = "com.apple.product-type.application";
		};
/* End PBXNativeTarget section */

/* Begin PBXProject section */
		78278C1A204A4D8D0010FDA6 /* Project object */ = {
			isa = PBXProject;
			attributes = {
				LastUpgradeCheck = 0910;
				ORGANIZATIONNAME = "陈博";
				TargetAttributes = {
					78278C21204A4D8D0010FDA6 = {
						CreatedOnToolsVersion = 9.1;
						ProvisioningStyle = Automatic;
					};
				};
			};
			buildConfigurationList = 78278C1D204A4D8D0010FDA6 /* Build configuration list for PBXProject "Native_H5_Interaction" */;
			compatibilityVersion = "Xcode 8.0";
			developmentRegion = en;
			hasScannedForEncodings = 0;
			knownRegions = (
				en,
				Base,
			);
			mainGroup = 78278C19204A4D8D0010FDA6;
			productRefGroup = 78278C23204A4D8D0010FDA6 /* Products */;
			projectDirPath = "";
			projectRoot = "";
			targets = (
				78278C21204A4D8D0010FDA6 /* Native_H5_Interaction */,
			);
		};
/* End PBXProject section */

/* Begin PBXResourcesBuildPhase section */
		78278C20204A4D8D0010FDA6 /* Resources */ = {
			isa = PBXResourcesBuildPhase;
			buildActionMask = 2147483647;
			files = (
				78278C41204A79F10010FDA6 /* indexTwo.html in Resources */,
				78278C32204A4D8D0010FDA6 /* LaunchScreen.storyboard in Resources */,
				78278C3C204A4E430010FDA6 /* index.html in Resources */,
				78278C2F204A4D8D0010FDA6 /* Assets.xcassets in Resources */,
				78278C2D204A4D8D0010FDA6 /* Main.storyboard in Resources */,
			);
			runOnlyForDeploymentPostprocessing = 0;
		};
/* End PBXResourcesBuildPhase section */

/* Begin PBXSourcesBuildPhase section */
		78278C1E204A4D8D0010FDA6 /* Sources */ = {
			isa = PBXSourcesBuildPhase;
			buildActionMask = 2147483647;
			files = (
				78278C2A204A4D8D0010FDA6 /* ViewController.m in Sources */,
				78278C35204A4D8D0010FDA6 /* main.m in Sources */,
				78278C27204A4D8D0010FDA6 /* AppDelegate.m in Sources */,
				78278C3F204A6E4F0010FDA6 /* FirstViewController.m in Sources */,
			);
			runOnlyForDeploymentPostprocessing = 0;
		};
/* End PBXSourcesBuildPhase section */

/* Begin PBXVariantGroup section */
		78278C2B204A4D8D0010FDA6 /* Main.storyboard */ = {
			isa = PBXVariantGroup;
			children = (
				78278C2C204A4D8D0010FDA6 /* Base */,
			);
			name = Main.storyboard;
			sourceTree = "<group>";
		};
		78278C30204A4D8D0010FDA6 /* LaunchScreen.storyboard */ = {
			isa = PBXVariantGroup;
			children = (
				78278C31204A4D8D0010FDA6 /* Base */,
			);
			name = LaunchScreen.storyboard;
			sourceTree = "<group>";
		};
/* End PBXVariantGroup section */

/* Begin XCBuildConfiguration section */
		78278C36204A4D8D0010FDA6 /* Debug */ = {
			isa = XCBuildConfiguration;
			buildSettings = {
				ALWAYS_SEARCH_USER_PATHS = NO;
				CLANG_ANALYZER_NONNULL = YES;
				CLANG_ANALYZER_NUMBER_OBJECT_CONVERSION = YES_AGGRESSIVE;
				CLANG_CXX_LANGUAGE_STANDARD = "gnu++14";
				CLANG_CXX_LIBRARY = "libc++";
				CLANG_ENABLE_MODULES = YES;
				CLANG_ENABLE_OBJC_ARC = YES;
				CLANG_WARN_BLOCK_CAPTURE_AUTORELEASING = YES;
				CLANG_WARN_BOOL_CONVERSION = YES;
				CLANG_WARN_COMMA = YES;
				CLANG_WARN_CONSTANT_CONVERSION = YES;
				CLANG_WARN_DIRECT_OBJC_ISA_USAGE = YES_ERROR;
				CLANG_WARN_DOCUMENTATION_COMMENTS = YES;
				CLANG_WARN_EMPTY_BODY = YES;
				CLANG_WARN_ENUM_CONVERSION = YES;
				CLANG_WARN_INFINITE_RECURSION = YES;
				CLANG_WARN_INT_CONVERSION = YES;
				CLANG_WARN_NON_LITERAL_NULL_CONVERSION = YES;
				CLANG_WARN_OBJC_LITERAL_CONVERSION = YES;
				CLANG_WARN_OBJC_ROOT_CLASS = YES_ERROR;
				CLANG_WARN_RANGE_LOOP_ANALYSIS = YES;
				CLANG_WARN_STRICT_PROTOTYPES = YES;
				CLANG_WARN_SUSPICIOUS_MOVE = YES;
				CLANG_WARN_UNGUARDED_AVAILABILITY = YES_AGGRESSIVE;
				CLANG_WARN_UNREACHABLE_CODE = YES;
				CLANG_WARN__DUPLICATE_METHOD_MATCH = YES;
				CODE_SIGN_IDENTITY = "iPhone Developer";
				COPY_PHASE_STRIP = NO;
				DEBUG_INFORMATION_FORMAT = dwarf;
				ENABLE_STRICT_OBJC_MSGSEND = YES;
				ENABLE_TESTABILITY = YES;
				GCC_C_LANGUAGE_STANDARD = gnu11;
				GCC_DYNAMIC_NO_PIC = NO;
				GCC_NO_COMMON_BLOCKS = YES;
				GCC_OPTIMIZATION_LEVEL = 0;
				GCC_PREPROCESSOR_DEFINITIONS = (
					"DEBUG=1",
					"$(inherited)",
				);
				GCC_WARN_64_TO_32_BIT_CONVERSION = YES;
				GCC_WARN_ABOUT_RETURN_TYPE = YES_ERROR;
				GCC_WARN_UNDECLARED_SELECTOR = YES;
				GCC_WARN_UNINITIALIZED_AUTOS = YES_AGGRESSIVE;
				GCC_WARN_UNUSED_FUNCTION = YES;
				GCC_WARN_UNUSED_VARIABLE = YES;
				IPHONEOS_DEPLOYMENT_TARGET = 11.1;
				MTL_ENABLE_DEBUG_INFO = YES;
				ONLY_ACTIVE_ARCH = YES;
				SDKROOT = iphoneos;
			};
			name = Debug;
		};
		78278C37204A4D8D0010FDA6 /* Release */ = {
			isa = XCBuildConfiguration;
			buildSettings = {
				ALWAYS_SEARCH_USER_PATHS = NO;
				CLANG_ANALYZER_NONNULL = YES;
				CLANG_ANALYZER_NUMBER_OBJECT_CONVERSION = YES_AGGRESSIVE;
				CLANG_CXX_LANGUAGE_STANDARD = "gnu++14";
				CLANG_CXX_LIBRARY = "libc++";
				CLANG_ENABLE_MODULES = YES;
				CLANG_ENABLE_OBJC_ARC = YES;
				CLANG_WARN_BLOCK_CAPTURE_AUTORELEASING = YES;
				CLANG_WARN_BOOL_CONVERSION = YES;
				CLANG_WARN_COMMA = YES;
				CLANG_WARN_CONSTANT_CONVERSION = YES;
				CLANG_WARN_DIRECT_OBJC_ISA_USAGE = YES_ERROR;
				CLANG_WARN_DOCUMENTATION_COMMENTS = YES;
				CLANG_WARN_EMPTY_BODY = YES;
				CLANG_WARN_ENUM_CONVERSION = YES;
				CLANG_WARN_INFINITE_RECURSION = YES;
				CLANG_WARN_INT_CONVERSION = YES;
				CLANG_WARN_NON_LITERAL_NULL_CONVERSION = YES;
				CLANG_WARN_OBJC_LITERAL_CONVERSION = YES;
				CLANG_WARN_OBJC_ROOT_CLASS = YES_ERROR;
				CLANG_WARN_RANGE_LOOP_ANALYSIS = YES;
				CLANG_WARN_STRICT_PROTOTYPES = YES;
				CLANG_WARN_SUSPICIOUS_MOVE = YES;
				CLANG_WARN_UNGUARDED_AVAILABILITY = YES_AGGRESSIVE;
				CLANG_WARN_UNREACHABLE_CODE = YES;
				CLANG_WARN__DUPLICATE_METHOD_MATCH = YES;
				CODE_SIGN_IDENTITY = "iPhone Developer";
				COPY_PHASE_STRIP = NO;
				DEBUG_INFORMATION_FORMAT = "dwarf-with-dsym";
				ENABLE_NS_ASSERTIONS = NO;
				ENABLE_STRICT_OBJC_MSGSEND = YES;
				GCC_C_LANGUAGE_STANDARD = gnu11;
				GCC_NO_COMMON_BLOCKS = YES;
				GCC_WARN_64_TO_32_BIT_CONVERSION = YES;
				GCC_WARN_ABOUT_RETURN_TYPE = YES_ERROR;
				GCC_WARN_UNDECLARED_SELECTOR = YES;
				GCC_WARN_UNINITIALIZED_AUTOS = YES_AGGRESSIVE;
				GCC_WARN_UNUSED_FUNCTION = YES;
				GCC_WARN_UNUSED_VARIABLE = YES;
				IPHONEOS_DEPLOYMENT_TARGET = 11.1;
				MTL_ENABLE_DEBUG_INFO = NO;
				SDKROOT = iphoneos;
				VALIDATE_PRODUCT = YES;
			};
			name = Release;
		};
		78278C39204A4D8D0010FDA6 /* Debug */ = {
			isa = XCBuildConfiguration;
			buildSettings = {
				ASSETCATALOG_COMPILER_APPICON_NAME = AppIcon;
				CODE_SIGN_STYLE = Automatic;
				DEVELOPMENT_TEAM = 3S2GM2BEM3;
				INFOPLIST_FILE = Native_H5_Interaction/Info.plist;
				LD_RUNPATH_SEARCH_PATHS = "$(inherited) @executable_path/Frameworks";
				PRODUCT_BUNDLE_IDENTIFIER = "chenbo.Native-H5-Interaction";
				PRODUCT_NAME = "$(TARGET_NAME)";
				TARGETED_DEVICE_FAMILY = "1,2";
			};
			name = Debug;
		};
		78278C3A204A4D8D0010FDA6 /* Release */ = {
			isa = XCBuildConfiguration;
			buildSettings = {
				ASSETCATALOG_COMPILER_APPICON_NAME = AppIcon;
				CODE_SIGN_STYLE = Automatic;
				DEVELOPMENT_TEAM = 3S2GM2BEM3;
				INFOPLIST_FILE = Native_H5_Interaction/Info.plist;
				LD_RUNPATH_SEARCH_PATHS = "$(inherited) @executable_path/Frameworks";
				PRODUCT_BUNDLE_IDENTIFIER = "chenbo.Native-H5-Interaction";
				PRODUCT_NAME = "$(TARGET_NAME)";
				TARGETED_DEVICE_FAMILY = "1,2";
			};
			name = Release;
		};
/* End XCBuildConfiguration section */

/* Begin XCConfigurationList section */
		78278C1D204A4D8D0010FDA6 /* Build configuration list for PBXProject "Native_H5_Interaction" */ = {
			isa = XCConfigurationList;
			buildConfigurations = (
				78278C36204A4D8D0010FDA6 /* Debug */,
				78278C37204A4D8D0010FDA6 /* Release */,
			);
			defaultConfigurationIsVisible = 0;
			defaultConfigurationName = Release;
		};
		78278C38204A4D8D0010FDA6 /* Build configuration list for PBXNativeTarget "Native_H5_Interaction" */ = {
			isa = XCConfigurationList;
			buildConfigurations = (
				78278C39204A4D8D0010FDA6 /* Debug */,
				78278C3A204A4D8D0010FDA6 /* Release */,
			);
			defaultConfigurationIsVisible = 0;
			defaultConfigurationName = Release;
		};
/* End XCConfigurationList section */
	};
	rootObject = 78278C1A204A4D8D0010FDA6 /* Project object */;
}
